{
  "version": 4,
  "terraform_version": "1.13.5",
  "serial": 195,
  "lineage": "d646bf0c-41d9-ea42-1eac-15a29886ad0c",
  "outputs": {
    "codebuild_project": {
      "value": "discord-bot-build",
      "type": "string"
    },
    "codecommit_clone_url_http": {
      "value": "https://git-codecommit.us-east-1.amazonaws.com/v1/repos/discord-link-bot",
      "type": "string"
    },
    "codecommit_clone_url_ssh": {
      "value": "ssh://git-codecommit.us-east-1.amazonaws.com/v1/repos/discord-link-bot",
      "type": "string"
    },
    "codedeploy_app": {
      "value": "discord-bot-app",
      "type": "string"
    },
    "codepipeline_name": {
      "value": "discord-bot-pipeline",
      "type": "string"
    },
    "ecr_repo_name": {
      "value": "discord-bot-ecr_repository",
      "type": "string"
    },
    "ecr_repo_uri": {
      "value": "471112640567.dkr.ecr.us-east-1.amazonaws.com/discord-bot-ecr_repository",
      "type": "string"
    },
    "public_ip": {
      "value": "54.205.177.27",
      "type": "string"
    },
    "s3_bucket": {
      "value": "",
      "type": "string"
    },
    "s3_bucket_name": {
      "value": "discord-bot-codedeploy-bundles-us-east-1",
      "type": "string"
    },
    "ssh_keyfile_path": {
      "value": "./.ssh/discord-bot-ssh.pem",
      "type": "string",
      "sensitive": true
    },
    "ssh_private_key_pem": {
      "value": "-----BEGIN RSA PRIVATE KEY-----\nMIIJJgIBAAKCAgEAyHlT//+O2AwX+uUG/noZxqqoQZmWmNLA2gEi1Q0NXB0Fhe3U\nsnu+3avn1h5O9kkh56da08KGog0lO/33+FGVYE/AeqXvo/52ZgIRli5Fc4c9T62X\na+fPpFcb/asAGSm0lCSpyqJ9EIO/BraKEkpsor2jmv1Z3ZWpEmSrmdQPba0qe+bq\nXAkzi4BsUuJ0ocT/SPUK4hU/jabZ5EPeplBx1y0vaOQU31Pklp9KljxVliKNxcZe\nr9aGBeo+AB9CpiXpNBeasVbE0aNzcah8VI8/fmJwUudU9zc5OpeP6mVLkfZ64dga\nOKZkeJXrocE/TnEhbKOkkzjLTs5oe4e5qOMOLeBhOMWpwXzeyGuXAJRvOVARRbB6\nRE9+WUPS47UfzHwuTsP8P7z/lN2zTI4ltq7ViRarpsUGeU6YPVioyxebKq05RE/J\nbTpj2QLdB19q9Pi3Wf0yOe2vW9pc5Qjk6Hhph2xFvEArHZ58X4oKr56c9erHxV4F\nSHmMY76epi1dfJJob7zSEq6nAqQmbwaxXQ2JVwRMA67Jt/hHa3SaJ21mXTINFhCw\nSHlnBxiftv4t/Ym6X2qoN2Y8uCLJJnmfrZvj/SpFB3nPHHPQECDbAvlmQUNfXJSI\nTCIMZJS6iOOOhVFkxuMnE/ItnFLUdHhYguZc9/NmBtPyxFdxrJTaNUOOl5UCAwEA\nAQKCAgAFyZrnNRWGnzLCB4KgLh44Ygzhd/GlD9CJeqbqx6mvExdpumf9jxz/gUr8\nH3vgGFRmP6qbmm4Ql5iPltFl1dUeJq9D2y6D6YC5iS3AzC0tHKZkenp4nwSblfg0\n5o7mKxIPhM9yDibWJzeIlhR+Wq+wMxFaFB5YC04KPeXGVxzq6ajkUtJJPerDCD4Y\nVnlPgkRscsaRqFNhX4PC10LCQmhG8gMAYDVKDT34KzkYBT3jS7QUFZn+MY9E9HI9\nxqlB6q5E1rmcjQi5lKJskZSlTE1k9KqReiQ1zt5UFrQM7Ee2OwtpIbgAEq2r3Ygj\n71RIi3OPk1nY9jbIW6Ugi9aMTaHHHDBxUcnUPU2UdnmCO2228lTutXtzVmwJwEtG\nrC/W1UOwPsSRF3qTy6yZZ7yWLgN/LGfYtH9b5HWAFOheqg8+KsIdAK3o5jadPPDe\nLlqJC79RVskZr0tP2rdp8Aj5OBuuuK7khi9xbFRmXBOxD7ZH6c7iqj1vRH6iyXCW\nstev7pA8579/E+2sezMtGstl0gmvcW5iInzximgtQgtRW1uTdUVUu7HjvT64dpyq\nMj0n2wn+SPKFloV6sLGX3CewtooDn1wK5Ohoi5JM+CBPXCH7nOsRY2xWNV00lkVx\n5BoirlW1iPL/n4B8e2NZcvE+Btun7usx54CGXQa5sueRroB/AQKCAQEA2oRBspSd\nHRE+Mti0WPHPHRbJjfbEolbIRZBM1a9txCHrAm0H2J1Q3u8F+Qtug27XmQpOYMyN\nhZudq5EqnJ1T/litMhJBETvf2HIOB/TrqTS+jXMRmGO3OBp/jlKYCY/FCK3BHM6z\n6yYDeJnOj2XG4LsxR5TZ1mPZs23eTxdWFsU1MPflp+IWq5blkH5Au/YaeBYFo6k1\nO1ouzSqm7AhE0EwDq7MDjonuVKO8rbDUBJHj98YUwOy6G5uMlcRyJcxYU3nSUYVP\nHOcX6tXaYw6srzRrk+PaIgzU4OxB2cqjTEVdxA5oWxCMmlyYnq9tfUjo3O07lLZL\n3VqdNlG+Xwok5QKCAQEA6tzC0KCBCpWOALr0bUo329t+g6RnEV2qYsoJJOrR2c3x\nxCfc9b90ZqDzMCpCZ8qo2CXLoEswARX8+4JObTPuOe88Wnrh/wGe11NHYjBMp65M\nrJNBLRwhYfPUgTatYKgf+MDzakQcVf/w10COVR9rpQCbgzZRJms1D5rXpAo9c38J\n1nyz3p3l5jSR2sy8U86SLlTmpx/3MIRIzT5U2GD2K4ZZKARhuDJhHA0wC0y1q+BR\n6u0odUUA+zuZHL74lrz3dfWo2eekwBBn6p3alz4tWm9dc7CsOOgGTT009+avn1HD\nJYTWjNDALWVYBa1IRavEDNkFVaOXqHz7qiIX5dis8QKCAQEAk75uiSbwX9Hjww9A\nSQ8doSZiGqlpY/XXLSmWubgGOGFSe25qqqwbHNBxsmRnUVhlT2Vnfw1u9pIz9eeN\n7xx0yPj+CWfMNLHN9JORJxITMHGoEQ1nLSjmnXlVG05+26AocWjBtA+SGIC4QheE\nUPJYmGQYurRK4Sjb7fRwJfu6SmUGRNinn24/M78v8hVbAXsxhFYnc/OZOUsNb8zR\n1a71j/yFUtcTpZFe4j1e+fUgNQLLJyD3sUWdw8LVOAH9x861PaOVb2b6Cam6Qx5a\nrTUjzsZboj+hofoZCQbUs0POS2hvMHspVcEHv+qxikFEfzwHrjB8Y10qSDzXJP36\nAFpkfQKCAQBq/1Idu9GuIb5E5OdwVuyl1BSKIr718WcrhIGv+O7LvIBVbhfDOYrt\nKoxAODBymqhbeLSQ/VAMXpkXeCEErTDt4ejsC6mkBHf5/y25NOnnRogV4yxBQdyP\nhIcequtH6rBOIpGCqy8Bmw188yMk8qCW1nUCzR8hUpwk1NVDHYsrcAfqWHuVgvf2\n7aI5PSbbQ3PjebhvESgLSWjlYG1E+r+LyrQZgA2I3iLRpcxqiXMGr7aCQbM54cr1\nqgwyRWp5OfO/IMDhLSAohBDjmTC50JDW739ysl1zu3kLfUQBYG5INfaixCb+lifH\nRrFYPL59RyiU9dXxUwtHrlD1DH04sILxAoH/IkT2UZAlpaFGCm+aOGdQJXxURHQo\ngAZ8y6dk6YXyYOke6vpxdn25H9nFRGgYbNeqkbqTdp4BaSM1yjxxeIsbhJry8lWC\nTLIXbXNVGpZvG54zaZZtuxtlvivAhwS0gPFJcmjj6BWE/KOosHo7/yBPNDr6o1gT\nlvzix596pAknWgS/2YfmzCkDyaMb7/FWs88uurij23qB07z1sRrUDm8ocalR4NeT\nhinWWi9KAQyVoHtceFkKI0bgaGvFINcH+KvwRIoqfqqTdVHoBE3MiAPamyfJfqCA\n20t0/3xqYx3Ruc9c1zaqKFz+ma8rekP5X/VTnDKQDpT+rkFmrNUP2+qA\n-----END RSA PRIVATE KEY-----\n",
      "type": "string",
      "sensitive": true
    }
  },
  "resources": [
    {
      "mode": "data",
      "type": "aws_ami",
      "name": "amazon_linux",
      "provider": "provider[\"registry.terraform.io/hashicorp/aws\"]",
      "instances": [
        {
          "schema_version": 0,
          "attributes": {
            "architecture": "arm64",
            "arn": "arn:aws:ec2:us-east-1::image/ami-054b94ff1301a174e",
            "block_device_mappings": [
              {
                "device_name": "/dev/xvda",
                "ebs": {
                  "delete_on_termination": "true",
                  "encrypted": "false",
                  "iops": "0",
                  "snapshot_id": "snap-01bc08d54fd010135",
                  "throughput": "0",
                  "volume_initialization_rate": "0",
                  "volume_size": "8",
                  "volume_type": "gp2"
                },
                "no_device": "",
                "virtual_name": ""
              }
            ],
            "boot_mode": "",
            "creation_date": "2025-11-21T08:37:49.000Z",
            "deprecation_time": "2026-02-19T00:00:00.000Z",
            "description": "Amazon Linux 2 LTS Arm64 AMI 2.0.20251121.0 arm64 HVM gp2",
            "ena_support": true,
            "executable_users": null,
            "filter": [
              {
                "name": "architecture",
                "values": [
                  "arm64"
                ]
              },
              {
                "name": "name",
                "values": [
                  "amzn2-ami-hvm-*-arm64*"
                ]
              },
              {
                "name": "root-device-type",
                "values": [
                  "ebs"
                ]
              },
              {
                "name": "virtualization-type",
                "values": [
                  "hvm"
                ]
              }
            ],
            "hypervisor": "xen",
            "id": "ami-054b94ff1301a174e",
            "image_id": "ami-054b94ff1301a174e",
            "image_location": "amazon/amzn2-ami-hvm-2.0.20251121.0-arm64-gp2",
            "image_owner_alias": "amazon",
            "image_type": "machine",
            "imds_support": "",
            "include_deprecated": false,
            "kernel_id": "",
            "last_launched_time": "",
            "most_recent": true,
            "name": "amzn2-ami-hvm-2.0.20251121.0-arm64-gp2",
            "name_regex": null,
            "owner_id": "137112412989",
            "owners": [
              "amazon"
            ],
            "platform": "",
            "platform_details": "Linux/UNIX",
            "product_codes": [],
            "public": true,
            "ramdisk_id": "",
            "root_device_name": "/dev/xvda",
            "root_device_type": "ebs",
            "root_snapshot_id": "snap-01bc08d54fd010135",
            "sriov_net_support": "simple",
            "state": "available",
            "state_reason": {
              "code": "UNSET",
              "message": "UNSET"
            },
            "tags": {},
            "timeouts": null,
            "tpm_support": "",
            "uefi_data": null,
            "usage_operation": "RunInstances",
            "virtualization_type": "hvm"
          },
          "sensitive_attributes": [],
          "identity_schema_version": 0
        }
      ]
    },
    {
      "mode": "data",
      "type": "aws_availability_zones",
      "name": "available",
      "provider": "provider[\"registry.terraform.io/hashicorp/aws\"]",
      "instances": [
        {
          "schema_version": 0,
          "attributes": {
            "all_availability_zones": null,
            "exclude_names": null,
            "exclude_zone_ids": null,
            "filter": null,
            "group_names": [
              "us-east-1-zg-1"
            ],
            "id": "us-east-1",
            "names": [
              "us-east-1a",
              "us-east-1b",
              "us-east-1c",
              "us-east-1d",
              "us-east-1e",
              "us-east-1f"
            ],
            "state": null,
            "timeouts": null,
            "zone_ids": [
              "use1-az2",
              "use1-az4",
              "use1-az6",
              "use1-az1",
              "use1-az3",
              "use1-az5"
            ]
          },
          "sensitive_attributes": [],
          "identity_schema_version": 0
        }
      ]
    },
    {
      "mode": "data",
      "type": "aws_caller_identity",
      "name": "current",
      "provider": "provider[\"registry.terraform.io/hashicorp/aws\"]",
      "instances": [
        {
          "schema_version": 0,
          "attributes": {
            "account_id": "471112640567",
            "arn": "arn:aws:iam::471112640567:user/balasai",
            "id": "471112640567",
            "user_id": "AIDAW3MEANA33HCQMGNWO"
          },
          "sensitive_attributes": [],
          "identity_schema_version": 0
        }
      ]
    },
    {
      "mode": "data",
      "type": "aws_region",
      "name": "current",
      "provider": "provider[\"registry.terraform.io/hashicorp/aws\"]",
      "instances": [
        {
          "schema_version": 0,
          "attributes": {
            "description": "US East (N. Virginia)",
            "endpoint": "ec2.us-east-1.amazonaws.com",
            "id": "us-east-1",
            "name": "us-east-1"
          },
          "sensitive_attributes": [],
          "identity_schema_version": 0
        }
      ]
    },
    {
      "mode": "managed",
      "type": "aws_backup_plan",
      "name": "discord_ebs_backup_plan",
      "provider": "provider[\"registry.terraform.io/hashicorp/aws\"]",
      "instances": [
        {
          "schema_version": 1,
          "attributes": {
            "advanced_backup_setting": [],
            "arn": "arn:aws:backup:us-east-1:471112640567:backup-plan:aefd288b-9bce-4968-8530-15c17fe4d161",
            "id": "aefd288b-9bce-4968-8530-15c17fe4d161",
            "name": "discord-bot-ebs-backup-plan",
            "rule": [
              {
                "completion_window": 180,
                "copy_action": [],
                "enable_continuous_backup": false,
                "lifecycle": [
                  {
                    "cold_storage_after": 0,
                    "delete_after": 7,
                    "opt_in_to_archive_for_supported_resources": false
                  }
                ],
                "recovery_point_tags": {},
                "rule_name": "daily_ebs_backup",
                "schedule": "cron(0 5 ? * * *)",
                "schedule_expression_timezone": "Etc/UTC",
                "start_window": 60,
                "target_vault_name": "discord-bot-backup-vault"
              }
            ],
            "tags": {
              "ManagedBy": "Terraform",
              "Project": "discord-bot"
            },
            "tags_all": {
              "ManagedBy": "Terraform",
              "Project": "discord-bot"
            },
            "version": "ZDQ3NWI2MmYtNDk2OC00MmFkLTliMDctNDBiYTc5YjFiODll"
          },
          "sensitive_attributes": [],
          "identity_schema_version": 0,
          "private": "eyJzY2hlbWFfdmVyc2lvbiI6IjEifQ==",
          "dependencies": [
            "aws_backup_vault.discord_backup_vault"
          ]
        }
      ]
    },
    {
      "mode": "managed",
      "type": "aws_backup_selection",
      "name": "discord_ebs_selection",
      "provider": "provider[\"registry.terraform.io/hashicorp/aws\"]",
      "instances": [
        {
          "schema_version": 0,
          "attributes": {
            "condition": [
              {
                "string_equals": [],
                "string_like": [],
                "string_not_equals": [],
                "string_not_like": []
              }
            ],
            "iam_role_arn": "arn:aws:iam::471112640567:role/discord-bot-backup-role",
            "id": "540ae1e1-9789-466f-8d9c-fab499d3ac3d",
            "name": "discord-bot-ebs-selection",
            "not_resources": [],
            "plan_id": "aefd288b-9bce-4968-8530-15c17fe4d161",
            "resources": [
              "arn:aws:ec2:us-east-1:471112640567:volume/vol-00486bc253082275a"
            ],
            "selection_tag": []
          },
          "sensitive_attributes": [],
          "identity_schema_version": 0,
          "private": "bnVsbA==",
          "dependencies": [
            "aws_backup_plan.discord_ebs_backup_plan",
            "aws_backup_vault.discord_backup_vault",
            "aws_ebs_volume.discord_data",
            "aws_iam_role.backup_role",
            "data.aws_availability_zones.available"
          ]
        }
      ]
    },
    {
      "mode": "managed",
      "type": "aws_backup_vault",
      "name": "discord_backup_vault",
      "provider": "provider[\"registry.terraform.io/hashicorp/aws\"]",
      "instances": [
        {
          "schema_version": 0,
          "attributes": {
            "arn": "arn:aws:backup:us-east-1:471112640567:backup-vault:discord-bot-backup-vault",
            "force_destroy": false,
            "id": "discord-bot-backup-vault",
            "kms_key_arn": "arn:aws:kms:us-east-1:471112640567:key/4746a786-1b5e-4379-a034-825265cb98dd",
            "name": "discord-bot-backup-vault",
            "recovery_points": 0,
            "tags": {
              "ManagedBy": "Terraform",
              "Project": "discord-bot"
            },
            "tags_all": {
              "ManagedBy": "Terraform",
              "Project": "discord-bot"
            },
            "timeouts": null
          },
          "sensitive_attributes": [],
          "identity_schema_version": 0,
          "private": "eyJlMmJmYjczMC1lY2FhLTExZTYtOGY4OC0zNDM2M2JjN2M0YzAiOnsiZGVsZXRlIjo2MDAwMDAwMDAwMDB9fQ=="
        }
      ]
    },
    {
      "mode": "managed",
      "type": "aws_cloudwatch_log_group",
      "name": "discord_bot_logs",
      "provider": "provider[\"registry.terraform.io/hashicorp/aws\"]",
      "instances": [
        {
          "schema_version": 0,
          "attributes": {
            "arn": "arn:aws:logs:us-east-1:471112640567:log-group:/discord-bot/logs",
            "id": "/discord-bot/logs",
            "kms_key_id": "",
            "log_group_class": "STANDARD",
            "name": "/discord-bot/logs",
            "name_prefix": "",
            "retention_in_days": 7,
            "skip_destroy": true,
            "tags": {
              "ManagedBy": "Terraform",
              "Project": "discord-bot"
            },
            "tags_all": {
              "ManagedBy": "Terraform",
              "Project": "discord-bot"
            }
          },
          "sensitive_attributes": [],
          "identity_schema_version": 0,
          "private": "bnVsbA=="
        }
      ]
    },
    {
      "mode": "managed",
      "type": "aws_codebuild_project",
      "name": "discord_build",
      "provider": "provider[\"registry.terraform.io/hashicorp/aws\"]",
      "instances": [
        {
          "index_key": 0,
          "schema_version": 0,
          "attributes": {
            "arn": "arn:aws:codebuild:us-east-1:471112640567:project/discord-bot-build",
            "artifacts": [
              {
                "artifact_identifier": "",
                "bucket_owner_access": "",
                "encryption_disabled": false,
                "location": "",
                "name": "discord-bot-build",
                "namespace_type": "",
                "override_artifact_name": false,
                "packaging": "NONE",
                "path": "",
                "type": "CODEPIPELINE"
              }
            ],
            "badge_enabled": false,
            "badge_url": "",
            "build_batch_config": [],
            "build_timeout": 60,
            "cache": [
              {
                "location": "",
                "modes": [],
                "type": "NO_CACHE"
              }
            ],
            "concurrent_build_limit": 0,
            "description": "",
            "encryption_key": "arn:aws:kms:us-east-1:471112640567:alias/aws/s3",
            "environment": [
              {
                "certificate": "",
                "compute_type": "BUILD_GENERAL1_MEDIUM",
                "environment_variable": [
                  {
                    "name": "ECR_REPO",
                    "type": "PLAINTEXT",
                    "value": "discord-bot-ecr_repository"
                  },
                  {
                    "name": "AWS_DEFAULT_REGION",
                    "type": "PLAINTEXT",
                    "value": "us-east-1"
                  },
                  {
                    "name": "RUN_IAC_SCANS",
                    "type": "PLAINTEXT",
                    "value": "true"
                  }
                ],
                "fleet": [],
                "image": "aws/codebuild/amazonlinux2-aarch64-standard:2.0",
                "image_pull_credentials_type": "CODEBUILD",
                "privileged_mode": true,
                "registry_credential": [],
                "type": "ARM_CONTAINER"
              }
            ],
            "file_system_locations": [],
            "id": "arn:aws:codebuild:us-east-1:471112640567:project/discord-bot-build",
            "logs_config": [
              {
                "cloudwatch_logs": [
                  {
                    "group_name": "",
                    "status": "ENABLED",
                    "stream_name": ""
                  }
                ],
                "s3_logs": [
                  {
                    "bucket_owner_access": "",
                    "encryption_disabled": false,
                    "location": "",
                    "status": "DISABLED"
                  }
                ]
              }
            ],
            "name": "discord-bot-build",
            "project_visibility": "PRIVATE",
            "public_project_alias": "",
            "queued_timeout": 480,
            "resource_access_role": "",
            "secondary_artifacts": [],
            "secondary_source_version": [],
            "secondary_sources": [],
            "service_role": "arn:aws:iam::471112640567:role/discord-bot-codebuild-role",
            "source": [
              {
                "auth": [],
                "build_status_config": [],
                "buildspec": "version: 0.2\n\nphases:\n  install:\n    commands:\n      - echo Logging in to Amazon ECR...\n      - ACCOUNT_ID=$(aws sts get-caller-identity --query Account --output text)\n      - |\n        # Try ECR login; if GetAuthorizationToken is not permitted the command will fail.\n        ECR_PASSWORD=$(aws ecr get-login-password --region $AWS_DEFAULT_REGION 2\u003e/dev/null) || ECR_PASSWORD=\"\"\n        if [ -n \"$ECR_PASSWORD\" ]; then\n          echo \"$ECR_PASSWORD\" | docker login --username AWS --password-stdin $ACCOUNT_ID.dkr.ecr.$AWS_DEFAULT_REGION.amazonaws.com\n        else\n          echo \"ECR login failed - skipping ecr login (GetAuthorizationToken may be missing for role)\"\n        fi\n      - nohup /usr/local/bin/dockerd --host=unix:///var/run/docker.sock --host=tcp://127.0.0.1:2375 --storage-driver=overlay2 \u0026\n      - timeout 15 sh -c \"until docker info; do echo .; sleep 1; done\"\n\n  pre_build:\n    commands:\n      - echo Prebuilding\n      - IMAGE_TAG=$CODEBUILD_RESOLVED_SOURCE_VERSION\n      - echo \"ImageTag=$IMAGE_TAG\"\n      - echo \"(skipping local test image to reduce pulls against Docker Hub)\"\n      - echo \"Using base images directly from GHCR and Docker Hub (do not mirror to ECR in this step)\"\n      - echo \"Installing static analysis tools for Terraform and IaC\"\n\n\n  build:\n    commands:\n      - echo Building the Docker image...\n      # ARM64 build without cache - updated\n      - DOCKER_BUILDKIT=1 docker build -t $ECR_REPO:$IMAGE_TAG .\n      - docker tag $ECR_REPO:$IMAGE_TAG $ACCOUNT_ID.dkr.ecr.$AWS_DEFAULT_REGION.amazonaws.com/$ECR_REPO:$IMAGE_TAG\n      - docker push $ACCOUNT_ID.dkr.ecr.$AWS_DEFAULT_REGION.amazonaws.com/$ECR_REPO:$IMAGE_TAG\n      - docker tag $ECR_REPO:$IMAGE_TAG $ACCOUNT_ID.dkr.ecr.$AWS_DEFAULT_REGION.amazonaws.com/$ECR_REPO:latest\n      - docker push $ACCOUNT_ID.dkr.ecr.$AWS_DEFAULT_REGION.amazonaws.com/$ECR_REPO:latest\n      - docker tag $ACCOUNT_ID.dkr.ecr.$AWS_DEFAULT_REGION.amazonaws.com/$ECR_REPO:$IMAGE_TAG $ACCOUNT_ID.dkr.ecr.$AWS_DEFAULT_REGION.amazonaws.com/$ECR_REPO:latest || true\n      - echo \"Docker test disabled in CI to avoid public registry rate-limits\"\n\n  post_build:\n    commands:\n      - echo Preparing CodeDeploy artifact\n      - mkdir -p deploy_bundle\n      - cp appspec.yml deploy_bundle/\n      - cp scripts/* deploy_bundle/ || true\n      - echo \"$ECR_REPO\" \u003e deploy_bundle/ECR_REPO\n      - echo \"BRANCH=$CODEBUILD_SOURCE_VERSION\" \u003e deploy_bundle/.deploy_meta\n\nartifacts:\n  files:\n    - \"**/*\"\n  base-directory: deploy_bundle\n  discard-paths: yes\n",
                "git_clone_depth": 0,
                "git_submodules_config": [],
                "insecure_ssl": false,
                "location": "",
                "report_build_status": false,
                "type": "CODEPIPELINE"
              }
            ],
            "source_version": "",
            "tags": {
              "ManagedBy": "Terraform",
              "Project": "discord-bot"
            },
            "tags_all": {
              "ManagedBy": "Terraform",
              "Project": "discord-bot"
            },
            "vpc_config": []
          },
          "sensitive_attributes": [],
          "identity_schema_version": 0,
          "private": "bnVsbA==",
          "dependencies": [
            "aws_ecr_repository.discord",
            "aws_iam_role.codebuild_role"
          ]
        }
      ]
    },
    {
      "mode": "managed",
      "type": "aws_codecommit_repository",
      "name": "discord",
      "provider": "provider[\"registry.terraform.io/hashicorp/aws\"]",
      "instances": [
        {
          "index_key": 0,
          "schema_version": 0,
          "attributes": {
            "arn": "arn:aws:codecommit:us-east-1:471112640567:discord-link-bot",
            "clone_url_http": "https://git-codecommit.us-east-1.amazonaws.com/v1/repos/discord-link-bot",
            "clone_url_ssh": "ssh://git-codecommit.us-east-1.amazonaws.com/v1/repos/discord-link-bot",
            "default_branch": null,
            "description": "CodeCommit repository for Discord Link Bot",
            "id": "discord-link-bot",
            "kms_key_id": "arn:aws:kms:us-east-1:471112640567:key/ec40471f-29fb-4f50-8b42-b9fd39f7094f",
            "repository_id": "32e96edd-ce0e-4c7d-b706-377227ae6faa",
            "repository_name": "discord-link-bot",
            "tags": {
              "ManagedBy": "Terraform",
              "Project": "discord-bot"
            },
            "tags_all": {
              "ManagedBy": "Terraform",
              "Project": "discord-bot"
            }
          },
          "sensitive_attributes": [],
          "identity_schema_version": 0,
          "private": "bnVsbA=="
        }
      ]
    },
    {
      "mode": "managed",
      "type": "aws_codedeploy_app",
      "name": "discord_bot_app",
      "provider": "provider[\"registry.terraform.io/hashicorp/aws\"]",
      "instances": [
        {
          "schema_version": 0,
          "attributes": {
            "application_id": "edaa8d42-4491-4dbb-a82d-153317bd28a9",
            "arn": "arn:aws:codedeploy:us-east-1:471112640567:application:discord-bot-app",
            "compute_platform": "Server",
            "github_account_name": "",
            "id": "edaa8d42-4491-4dbb-a82d-153317bd28a9:discord-bot-app",
            "linked_to_github": false,
            "name": "discord-bot-app",
            "tags": {
              "ManagedBy": "Terraform",
              "Project": "discord-bot"
            },
            "tags_all": {
              "ManagedBy": "Terraform",
              "Project": "discord-bot"
            }
          },
          "sensitive_attributes": [],
          "identity_schema_version": 0,
          "private": "bnVsbA=="
        }
      ]
    },
    {
      "mode": "managed",
      "type": "aws_codedeploy_deployment_group",
      "name": "discord_bot_deployment_group",
      "provider": "provider[\"registry.terraform.io/hashicorp/aws\"]",
      "instances": [
        {
          "schema_version": 0,
          "attributes": {
            "alarm_configuration": [],
            "app_name": "discord-bot-app",
            "arn": "arn:aws:codedeploy:us-east-1:471112640567:deploymentgroup:discord-bot-app/discord-bot-deployment-group",
            "auto_rollback_configuration": [
              {
                "enabled": true,
                "events": [
                  "DEPLOYMENT_FAILURE"
                ]
              }
            ],
            "autoscaling_groups": [],
            "blue_green_deployment_config": [],
            "compute_platform": "Server",
            "deployment_config_name": "CodeDeployDefault.OneAtATime",
            "deployment_group_id": "f742098b-083c-4976-ae95-7316eb37a5ec",
            "deployment_group_name": "discord-bot-deployment-group",
            "deployment_style": [
              {
                "deployment_option": "WITHOUT_TRAFFIC_CONTROL",
                "deployment_type": "IN_PLACE"
              }
            ],
            "ec2_tag_filter": [],
            "ec2_tag_set": [
              {
                "ec2_tag_filter": [
                  {
                    "key": "Name",
                    "type": "KEY_AND_VALUE",
                    "value": "discord-bot-instance"
                  }
                ]
              }
            ],
            "ecs_service": [],
            "id": "f742098b-083c-4976-ae95-7316eb37a5ec",
            "load_balancer_info": [],
            "on_premises_instance_tag_filter": [],
            "outdated_instances_strategy": "UPDATE",
            "service_role_arn": "arn:aws:iam::471112640567:role/discord-codedeploy-service-role",
            "tags": {
              "ManagedBy": "Terraform",
              "Project": "discord-bot"
            },
            "tags_all": {
              "ManagedBy": "Terraform",
              "Project": "discord-bot"
            },
            "termination_hook_enabled": false,
            "trigger_configuration": []
          },
          "sensitive_attributes": [],
          "identity_schema_version": 0,
          "private": "bnVsbA==",
          "dependencies": [
            "aws_codedeploy_app.discord_bot_app",
            "aws_iam_role.codedeploy_service_role"
          ]
        }
      ]
    },
    {
      "mode": "managed",
      "type": "aws_codepipeline",
      "name": "discord_pipeline",
      "provider": "provider[\"registry.terraform.io/hashicorp/aws\"]",
      "instances": [
        {
          "index_key": 0,
          "schema_version": 0,
          "attributes": {
            "arn": "arn:aws:codepipeline:us-east-1:471112640567:discord-bot-pipeline",
            "artifact_store": [
              {
                "encryption_key": [],
                "location": "discord-bot-codedeploy-bundles-us-east-1",
                "region": "",
                "type": "S3"
              }
            ],
            "execution_mode": "SUPERSEDED",
            "id": "discord-bot-pipeline",
            "name": "discord-bot-pipeline",
            "pipeline_type": "V1",
            "role_arn": "arn:aws:iam::471112640567:role/discord-bot-codepipeline-role",
            "stage": [
              {
                "action": [
                  {
                    "category": "Source",
                    "configuration": {
                      "BranchName": "main",
                      "RepositoryName": "discord-link-bot"
                    },
                    "input_artifacts": [],
                    "name": "Source",
                    "namespace": "",
                    "output_artifacts": [
                      "SourceArtifact"
                    ],
                    "owner": "AWS",
                    "provider": "CodeCommit",
                    "region": "",
                    "role_arn": "",
                    "run_order": 1,
                    "timeout_in_minutes": 0,
                    "version": "1"
                  }
                ],
                "before_entry": [],
                "name": "Source",
                "on_failure": [],
                "on_success": []
              },
              {
                "action": [
                  {
                    "category": "Build",
                    "configuration": {
                      "ProjectName": "discord-bot-build"
                    },
                    "input_artifacts": [
                      "SourceArtifact"
                    ],
                    "name": "Build",
                    "namespace": "",
                    "output_artifacts": [
                      "BuildArtifact"
                    ],
                    "owner": "AWS",
                    "provider": "CodeBuild",
                    "region": "",
                    "role_arn": "",
                    "run_order": 1,
                    "timeout_in_minutes": 0,
                    "version": "1"
                  }
                ],
                "before_entry": [],
                "name": "Build",
                "on_failure": [],
                "on_success": []
              },
              {
                "action": [
                  {
                    "category": "Deploy",
                    "configuration": {
                      "ApplicationName": "discord-bot-app",
                      "DeploymentGroupName": "discord-bot-deployment-group"
                    },
                    "input_artifacts": [
                      "BuildArtifact"
                    ],
                    "name": "Deploy",
                    "namespace": "",
                    "output_artifacts": [],
                    "owner": "AWS",
                    "provider": "CodeDeploy",
                    "region": "",
                    "role_arn": "",
                    "run_order": 1,
                    "timeout_in_minutes": 0,
                    "version": "1"
                  }
                ],
                "before_entry": [],
                "name": "Deploy",
                "on_failure": [],
                "on_success": []
              }
            ],
            "tags": {
              "ManagedBy": "Terraform",
              "Project": "discord-bot"
            },
            "tags_all": {
              "ManagedBy": "Terraform",
              "Project": "discord-bot"
            },
            "trigger": [],
            "trigger_all": [],
            "variable": []
          },
          "sensitive_attributes": [],
          "identity_schema_version": 0,
          "private": "bnVsbA==",
          "dependencies": [
            "aws_codebuild_project.discord_build",
            "aws_codedeploy_app.discord_bot_app",
            "aws_codedeploy_deployment_group.discord_bot_deployment_group",
            "aws_ecr_repository.discord",
            "aws_iam_role.codebuild_role",
            "aws_iam_role.codedeploy_service_role",
            "aws_iam_role.codepipeline_role",
            "aws_s3_bucket.codedeploy_bundles",
            "data.aws_region.current"
          ]
        }
      ]
    },
    {
      "mode": "managed",
      "type": "aws_ebs_volume",
      "name": "discord_data",
      "provider": "provider[\"registry.terraform.io/hashicorp/aws\"]",
      "instances": [
        {
          "schema_version": 0,
          "attributes": {
            "arn": "arn:aws:ec2:us-east-1:471112640567:volume/vol-00486bc253082275a",
            "availability_zone": "us-east-1a",
            "create_time": "2025-11-19T15:44:26Z",
            "encrypted": true,
            "final_snapshot": false,
            "id": "vol-00486bc253082275a",
            "iops": 3000,
            "kms_key_id": "arn:aws:kms:us-east-1:471112640567:key/32ed59dc-1e7e-4ed9-a4c0-5983eb6e2132",
            "multi_attach_enabled": false,
            "outpost_arn": "",
            "size": 1,
            "snapshot_id": "",
            "tags": {
              "ManagedBy": "Terraform",
              "Name": "discord-bot-ebs",
              "Project": "discord-bot"
            },
            "tags_all": {
              "ManagedBy": "Terraform",
              "Name": "discord-bot-ebs",
              "Project": "discord-bot"
            },
            "throughput": 125,
            "timeouts": null,
            "type": "gp3"
          },
          "sensitive_attributes": [],
          "identity_schema_version": 0,
          "private": "eyJlMmJmYjczMC1lY2FhLTExZTYtOGY4OC0zNDM2M2JjN2M0YzAiOnsiY3JlYXRlIjozMDAwMDAwMDAwMDAsImRlbGV0ZSI6NjAwMDAwMDAwMDAwLCJ1cGRhdGUiOjMwMDAwMDAwMDAwMH19",
          "dependencies": [
            "data.aws_availability_zones.available"
          ]
        }
      ]
    },
    {
      "mode": "managed",
      "type": "aws_ecr_repository",
      "name": "discord",
      "provider": "provider[\"registry.terraform.io/hashicorp/aws\"]",
      "instances": [
        {
          "schema_version": 0,
          "attributes": {
            "arn": "arn:aws:ecr:us-east-1:471112640567:repository/discord-bot-ecr_repository",
            "encryption_configuration": [
              {
                "encryption_type": "AES256",
                "kms_key": ""
              }
            ],
            "force_delete": true,
            "id": "discord-bot-ecr_repository",
            "image_scanning_configuration": [
              {
                "scan_on_push": true
              }
            ],
            "image_tag_mutability": "MUTABLE",
            "name": "discord-bot-ecr_repository",
            "registry_id": "471112640567",
            "repository_url": "471112640567.dkr.ecr.us-east-1.amazonaws.com/discord-bot-ecr_repository",
            "tags": {
              "ManagedBy": "Terraform",
              "Project": "discord-bot"
            },
            "tags_all": {
              "ManagedBy": "Terraform",
              "Project": "discord-bot"
            },
            "timeouts": null
          },
          "sensitive_attributes": [],
          "identity_schema_version": 0,
          "private": "eyJlMmJmYjczMC1lY2FhLTExZTYtOGY4OC0zNDM2M2JjN2M0YzAiOnsiZGVsZXRlIjoxMjAwMDAwMDAwMDAwfX0="
        }
      ]
    },
    {
      "mode": "managed",
      "type": "aws_iam_instance_profile",
      "name": "ec2_instance",
      "provider": "provider[\"registry.terraform.io/hashicorp/aws\"]",
      "instances": [
        {
          "schema_version": 0,
          "attributes": {
            "arn": "arn:aws:iam::471112640567:instance-profile/discord-bot-instance-profile",
            "create_date": "2025-11-18T17:42:40Z",
            "id": "discord-bot-instance-profile",
            "name": "discord-bot-instance-profile",
            "name_prefix": "",
            "path": "/",
            "role": "discord-bot-ec2-role",
            "tags": {
              "ManagedBy": "Terraform",
              "Project": "discord-bot"
            },
            "tags_all": {
              "ManagedBy": "Terraform",
              "Project": "discord-bot"
            },
            "unique_id": "AIPAW3MEANA3VRD6RWZLD"
          },
          "sensitive_attributes": [],
          "identity_schema_version": 0,
          "private": "bnVsbA==",
          "dependencies": [
            "aws_iam_role.ec2_instance_role"
          ]
        }
      ]
    },
    {
      "mode": "managed",
      "type": "aws_iam_policy",
      "name": "codedeploy_s3_policy",
      "provider": "provider[\"registry.terraform.io/hashicorp/aws\"]",
      "instances": [
        {
          "schema_version": 0,
          "attributes": {
            "arn": "arn:aws:iam::471112640567:policy/codedeploy-s3-deploy-policy",
            "attachment_count": 1,
            "description": "Allow CodeDeploy service to read deployment bundle from specific bucket",
            "id": "arn:aws:iam::471112640567:policy/codedeploy-s3-deploy-policy",
            "name": "codedeploy-s3-deploy-policy",
            "name_prefix": "",
            "path": "/",
            "policy": "{\"Statement\":[{\"Action\":[\"s3:GetObject\",\"s3:ListBucket\",\"s3:GetBucketLocation\"],\"Effect\":\"Allow\",\"Resource\":[\"arn:aws:s3:::discord-bot-codedeploy-bundles-us-east-1\",\"arn:aws:s3:::discord-bot-codedeploy-bundles-us-east-1/*\"]}],\"Version\":\"2012-10-17\"}",
            "policy_id": "ANPAW3MEANA3ZRLFUTDB6",
            "tags": {
              "ManagedBy": "Terraform",
              "Project": "discord-bot"
            },
            "tags_all": {
              "ManagedBy": "Terraform",
              "Project": "discord-bot"
            }
          },
          "sensitive_attributes": [],
          "identity_schema_version": 0,
          "private": "bnVsbA==",
          "dependencies": [
            "aws_s3_bucket.codedeploy_bundles",
            "data.aws_region.current"
          ]
        }
      ]
    },
    {
      "mode": "managed",
      "type": "aws_iam_policy",
      "name": "codepipeline_policy",
      "provider": "provider[\"registry.terraform.io/hashicorp/aws\"]",
      "instances": [
        {
          "index_key": 0,
          "schema_version": 0,
          "attributes": {
            "arn": "arn:aws:iam::471112640567:policy/discord-bot-codepipeline-policy",
            "attachment_count": 1,
            "description": "",
            "id": "arn:aws:iam::471112640567:policy/discord-bot-codepipeline-policy",
            "name": "discord-bot-codepipeline-policy",
            "name_prefix": "",
            "path": "/",
            "policy": "{\"Statement\":[{\"Action\":[\"s3:GetObject\",\"s3:PutObject\",\"s3:GetBucketVersioning\",\"s3:ListBucket\"],\"Effect\":\"Allow\",\"Resource\":[\"arn:aws:s3:::discord-bot-codedeploy-bundles-us-east-1\",\"arn:aws:s3:::discord-bot-codedeploy-bundles-us-east-1/*\"]},{\"Action\":[\"codebuild:StartBuild\",\"codebuild:BatchGetBuilds\"],\"Effect\":\"Allow\",\"Resource\":[\"arn:aws:codebuild:us-east-1:471112640567:project/discord-bot-build\"]},{\"Action\":[\"codedeploy:CreateDeployment\",\"codedeploy:GetApplication\",\"codedeploy:GetDeploymentGroup\",\"codedeploy:GetDeploymentConfig\",\"codedeploy:RegisterApplicationRevision\",\"codedeploy:GetDeployment\"],\"Effect\":\"Allow\",\"Resource\":\"*\"},{\"Action\":[\"codecommit:GetBranch\",\"codecommit:GetCommit\",\"codecommit:GitPull\",\"codecommit:UploadArchive\",\"codecommit:GetUploadArchiveStatus\"],\"Effect\":\"Allow\",\"Resource\":\"arn:aws:codecommit:us-east-1:471112640567:discord-link-bot\"}],\"Version\":\"2012-10-17\"}",
            "policy_id": "ANPAW3MEANA34EU4YZL73",
            "tags": {},
            "tags_all": {}
          },
          "sensitive_attributes": [],
          "identity_schema_version": 0,
          "private": "bnVsbA==",
          "dependencies": [
            "aws_codebuild_project.discord_build",
            "aws_codecommit_repository.discord",
            "aws_ecr_repository.discord",
            "aws_iam_role.codebuild_role",
            "aws_s3_bucket.codedeploy_bundles",
            "data.aws_region.current"
          ]
        }
      ]
    },
    {
      "mode": "managed",
      "type": "aws_iam_role",
      "name": "backup_role",
      "provider": "provider[\"registry.terraform.io/hashicorp/aws\"]",
      "instances": [
        {
          "schema_version": 0,
          "attributes": {
            "arn": "arn:aws:iam::471112640567:role/discord-bot-backup-role",
            "assume_role_policy": "{\"Statement\":[{\"Action\":\"sts:AssumeRole\",\"Effect\":\"Allow\",\"Principal\":{\"Service\":\"backup.amazonaws.com\"}}],\"Version\":\"2012-10-17\"}",
            "create_date": "2025-11-22T09:47:56Z",
            "description": "",
            "force_detach_policies": false,
            "id": "discord-bot-backup-role",
            "inline_policy": [],
            "managed_policy_arns": [
              "arn:aws:iam::aws:policy/service-role/AWSBackupServiceRolePolicyForBackup"
            ],
            "max_session_duration": 3600,
            "name": "discord-bot-backup-role",
            "name_prefix": "",
            "path": "/",
            "permissions_boundary": "",
            "tags": {},
            "tags_all": {},
            "unique_id": "AROAW3MEANA37STYUNPXU"
          },
          "sensitive_attributes": [],
          "identity_schema_version": 0,
          "private": "bnVsbA=="
        }
      ]
    },
    {
      "mode": "managed",
      "type": "aws_iam_role",
      "name": "codebuild_role",
      "provider": "provider[\"registry.terraform.io/hashicorp/aws\"]",
      "instances": [
        {
          "index_key": 0,
          "schema_version": 0,
          "attributes": {
            "arn": "arn:aws:iam::471112640567:role/discord-bot-codebuild-role",
            "assume_role_policy": "{\"Statement\":[{\"Action\":\"sts:AssumeRole\",\"Effect\":\"Allow\",\"Principal\":{\"Service\":\"codebuild.amazonaws.com\"}}],\"Version\":\"2012-10-17\"}",
            "create_date": "2025-11-21T15:52:58Z",
            "description": "",
            "force_detach_policies": false,
            "id": "discord-bot-codebuild-role",
            "inline_policy": [
              {
                "name": "discord-bot-codebuild-policy",
                "policy": "{\"Version\":\"2012-10-17\",\"Statement\":[{\"Action\":[\"logs:CreateLogGroup\",\"logs:CreateLogStream\",\"logs:PutLogEvents\"],\"Effect\":\"Allow\",\"Resource\":[\"arn:aws:logs:us-east-1:471112640567:log-group:/discord-bot/logs:*\",\"arn:aws:logs:us-east-1:471112640567:log-group:/aws/codebuild/discord-bot-build:*\"]},{\"Action\":[\"ecr:BatchCheckLayerAvailability\",\"ecr:GetDownloadUrlForLayer\",\"ecr:BatchGetImage\",\"ecr:CompleteLayerUpload\",\"ecr:UploadLayerPart\",\"ecr:InitiateLayerUpload\",\"ecr:PutImage\"],\"Effect\":\"Allow\",\"Resource\":[\"arn:aws:ecr:us-east-1:471112640567:repository/discord-bot-ecr_repository\"]},{\"Action\":[\"ecr:GetAuthorizationToken\"],\"Effect\":\"Allow\",\"Resource\":[\"*\"]},{\"Action\":[\"s3:PutObject\",\"s3:GetObject\",\"s3:GetBucketLocation\",\"s3:ListBucket\"],\"Effect\":\"Allow\",\"Resource\":[\"arn:aws:s3:::discord-bot-codedeploy-bundles-us-east-1\",\"arn:aws:s3:::discord-bot-codedeploy-bundles-us-east-1/*\"]}]}"
              }
            ],
            "managed_policy_arns": [],
            "max_session_duration": 3600,
            "name": "discord-bot-codebuild-role",
            "name_prefix": "",
            "path": "/",
            "permissions_boundary": "",
            "tags": {
              "ManagedBy": "Terraform",
              "Project": "discord-bot"
            },
            "tags_all": {
              "ManagedBy": "Terraform",
              "Project": "discord-bot"
            },
            "unique_id": "AROAW3MEANA3WAJPZH6AQ"
          },
          "sensitive_attributes": [],
          "identity_schema_version": 0,
          "private": "bnVsbA=="
        }
      ]
    },
    {
      "mode": "managed",
      "type": "aws_iam_role",
      "name": "codedeploy_service_role",
      "provider": "provider[\"registry.terraform.io/hashicorp/aws\"]",
      "instances": [
        {
          "schema_version": 0,
          "attributes": {
            "arn": "arn:aws:iam::471112640567:role/discord-codedeploy-service-role",
            "assume_role_policy": "{\"Statement\":[{\"Action\":\"sts:AssumeRole\",\"Effect\":\"Allow\",\"Principal\":{\"Service\":\"codedeploy.amazonaws.com\"}}],\"Version\":\"2012-10-17\"}",
            "create_date": "2025-11-18T17:42:38Z",
            "description": "",
            "force_detach_policies": false,
            "id": "discord-codedeploy-service-role",
            "inline_policy": [],
            "managed_policy_arns": [
              "arn:aws:iam::471112640567:policy/codedeploy-s3-deploy-policy",
              "arn:aws:iam::aws:policy/service-role/AWSCodeDeployRole"
            ],
            "max_session_duration": 3600,
            "name": "discord-codedeploy-service-role",
            "name_prefix": "",
            "path": "/",
            "permissions_boundary": "",
            "tags": {
              "ManagedBy": "Terraform",
              "Project": "discord-bot"
            },
            "tags_all": {
              "ManagedBy": "Terraform",
              "Project": "discord-bot"
            },
            "unique_id": "AROAW3MEANA35Q2AT2YUT"
          },
          "sensitive_attributes": [],
          "identity_schema_version": 0,
          "private": "bnVsbA=="
        }
      ]
    },
    {
      "mode": "managed",
      "type": "aws_iam_role",
      "name": "codepipeline_role",
      "provider": "provider[\"registry.terraform.io/hashicorp/aws\"]",
      "instances": [
        {
          "index_key": 0,
          "schema_version": 0,
          "attributes": {
            "arn": "arn:aws:iam::471112640567:role/discord-bot-codepipeline-role",
            "assume_role_policy": "{\"Statement\":[{\"Action\":\"sts:AssumeRole\",\"Effect\":\"Allow\",\"Principal\":{\"Service\":\"codepipeline.amazonaws.com\"}}],\"Version\":\"2012-10-17\"}",
            "create_date": "2025-11-21T15:52:55Z",
            "description": "",
            "force_detach_policies": false,
            "id": "discord-bot-codepipeline-role",
            "inline_policy": [],
            "managed_policy_arns": [
              "arn:aws:iam::471112640567:policy/discord-bot-codepipeline-policy"
            ],
            "max_session_duration": 3600,
            "name": "discord-bot-codepipeline-role",
            "name_prefix": "",
            "path": "/",
            "permissions_boundary": "",
            "tags": {
              "ManagedBy": "Terraform",
              "Project": "discord-bot"
            },
            "tags_all": {
              "ManagedBy": "Terraform",
              "Project": "discord-bot"
            },
            "unique_id": "AROAW3MEANA32NDVDPR3A"
          },
          "sensitive_attributes": [],
          "identity_schema_version": 0,
          "private": "bnVsbA=="
        }
      ]
    },
    {
      "mode": "managed",
      "type": "aws_iam_role",
      "name": "ec2_instance_role",
      "provider": "provider[\"registry.terraform.io/hashicorp/aws\"]",
      "instances": [
        {
          "schema_version": 0,
          "attributes": {
            "arn": "arn:aws:iam::471112640567:role/discord-bot-ec2-role",
            "assume_role_policy": "{\"Statement\":[{\"Action\":\"sts:AssumeRole\",\"Effect\":\"Allow\",\"Principal\":{\"Service\":\"ec2.amazonaws.com\"}}],\"Version\":\"2012-10-17\"}",
            "create_date": "2025-11-18T17:42:38Z",
            "description": "",
            "force_detach_policies": false,
            "id": "discord-bot-ec2-role",
            "inline_policy": [
              {
                "name": "discord-ec2-ecr",
                "policy": "{\"Version\":\"2012-10-17\",\"Statement\":[{\"Action\":[\"ecr:GetAuthorizationToken\"],\"Effect\":\"Allow\",\"Resource\":\"*\"},{\"Action\":[\"ecr:BatchCheckLayerAvailability\",\"ecr:GetDownloadUrlForLayer\",\"ecr:BatchGetImage\"],\"Effect\":\"Allow\",\"Resource\":[\"arn:aws:ecr:us-east-1:471112640567:repository/discord-bot-ecr_repository\"]}]}"
              },
              {
                "name": "discord-ec2-extra",
                "policy": "{\"Version\":\"2012-10-17\",\"Statement\":[{\"Action\":[\"s3:GetObject\",\"s3:GetObjectVersion\",\"s3:ListBucket\"],\"Effect\":\"Allow\",\"Resource\":[\"arn:aws:s3:::discord-bot-codedeploy-bundles-us-east-1\",\"arn:aws:s3:::discord-bot-codedeploy-bundles-us-east-1/*\"],\"Sid\":\"S3AccessToBundleBucket\"},{\"Action\":[\"logs:CreateLogStream\",\"logs:PutLogEvents\",\"logs:CreateLogGroup\"],\"Effect\":\"Allow\",\"Resource\":\"arn:aws:logs:us-east-1:471112640567:log-group:/discord-bot/logs:*\",\"Sid\":\"CloudWatchLogsWriteAccess\"},{\"Action\":[\"codedeploy:PutLifecycleEventHookExecutionStatus\"],\"Effect\":\"Allow\",\"Resource\":\"arn:aws:codedeploy:us-east-1:471112640567:deploymentgroup:discord-bot-app/discord-bot-deployment-group\",\"Sid\":\"CodedeployHookAccess\"},{\"Action\":[\"ssm:GetParameter\",\"ssm:GetParameters\"],\"Effect\":\"Allow\",\"Resource\":\"arn:aws:ssm:us-east-1:471112640567:parameter/discord-bot/*\",\"Sid\":\"SSMParameterAccess\"}]}"
              }
            ],
            "managed_policy_arns": [
              "arn:aws:iam::aws:policy/AmazonSSMManagedInstanceCore"
            ],
            "max_session_duration": 3600,
            "name": "discord-bot-ec2-role",
            "name_prefix": "",
            "path": "/",
            "permissions_boundary": "",
            "tags": {
              "ManagedBy": "Terraform",
              "Project": "discord-bot"
            },
            "tags_all": {
              "ManagedBy": "Terraform",
              "Project": "discord-bot"
            },
            "unique_id": "AROAW3MEANA366UKKX3B6"
          },
          "sensitive_attributes": [],
          "identity_schema_version": 0,
          "private": "bnVsbA=="
        }
      ]
    },
    {
      "mode": "managed",
      "type": "aws_iam_role_policy",
      "name": "codebuild_policy",
      "provider": "provider[\"registry.terraform.io/hashicorp/aws\"]",
      "instances": [
        {
          "index_key": 0,
          "schema_version": 0,
          "attributes": {
            "id": "discord-bot-codebuild-role:discord-bot-codebuild-policy",
            "name": "discord-bot-codebuild-policy",
            "name_prefix": "",
            "policy": "{\"Version\":\"2012-10-17\",\"Statement\":[{\"Action\":[\"logs:CreateLogGroup\",\"logs:CreateLogStream\",\"logs:PutLogEvents\"],\"Effect\":\"Allow\",\"Resource\":[\"arn:aws:logs:us-east-1:471112640567:log-group:/discord-bot/logs:*\",\"arn:aws:logs:us-east-1:471112640567:log-group:/aws/codebuild/discord-bot-build:*\"]},{\"Action\":[\"ecr:BatchCheckLayerAvailability\",\"ecr:GetDownloadUrlForLayer\",\"ecr:BatchGetImage\",\"ecr:CompleteLayerUpload\",\"ecr:UploadLayerPart\",\"ecr:InitiateLayerUpload\",\"ecr:PutImage\"],\"Effect\":\"Allow\",\"Resource\":[\"arn:aws:ecr:us-east-1:471112640567:repository/discord-bot-ecr_repository\"]},{\"Action\":[\"ecr:GetAuthorizationToken\"],\"Effect\":\"Allow\",\"Resource\":[\"*\"]},{\"Action\":[\"s3:PutObject\",\"s3:GetObject\",\"s3:GetBucketLocation\",\"s3:ListBucket\"],\"Effect\":\"Allow\",\"Resource\":[\"arn:aws:s3:::discord-bot-codedeploy-bundles-us-east-1\",\"arn:aws:s3:::discord-bot-codedeploy-bundles-us-east-1/*\"]}]}",
            "role": "discord-bot-codebuild-role"
          },
          "sensitive_attributes": [],
          "identity_schema_version": 0,
          "private": "bnVsbA==",
          "dependencies": [
            "aws_cloudwatch_log_group.discord_bot_logs",
            "aws_codebuild_project.discord_build",
            "aws_ecr_repository.discord",
            "aws_iam_role.codebuild_role",
            "aws_s3_bucket.codedeploy_bundles",
            "data.aws_caller_identity.current",
            "data.aws_region.current"
          ]
        }
      ]
    },
    {
      "mode": "managed",
      "type": "aws_iam_role_policy",
      "name": "ec2_custom_policy",
      "provider": "provider[\"registry.terraform.io/hashicorp/aws\"]",
      "instances": [
        {
          "schema_version": 0,
          "attributes": {
            "id": "discord-bot-ec2-role:discord-ec2-extra",
            "name": "discord-ec2-extra",
            "name_prefix": "",
            "policy": "{\"Version\":\"2012-10-17\",\"Statement\":[{\"Action\":[\"s3:GetObject\",\"s3:GetObjectVersion\",\"s3:ListBucket\"],\"Effect\":\"Allow\",\"Resource\":[\"arn:aws:s3:::discord-bot-codedeploy-bundles-us-east-1\",\"arn:aws:s3:::discord-bot-codedeploy-bundles-us-east-1/*\"],\"Sid\":\"S3AccessToBundleBucket\"},{\"Action\":[\"logs:CreateLogStream\",\"logs:PutLogEvents\",\"logs:CreateLogGroup\"],\"Effect\":\"Allow\",\"Resource\":\"arn:aws:logs:us-east-1:471112640567:log-group:/discord-bot/logs:*\",\"Sid\":\"CloudWatchLogsWriteAccess\"},{\"Action\":[\"codedeploy:PutLifecycleEventHookExecutionStatus\"],\"Effect\":\"Allow\",\"Resource\":\"arn:aws:codedeploy:us-east-1:471112640567:deploymentgroup:discord-bot-app/discord-bot-deployment-group\",\"Sid\":\"CodedeployHookAccess\"},{\"Action\":[\"ssm:GetParameter\",\"ssm:GetParameters\"],\"Effect\":\"Allow\",\"Resource\":\"arn:aws:ssm:us-east-1:471112640567:parameter/discord-bot/*\",\"Sid\":\"SSMParameterAccess\"}]}",
            "role": "discord-bot-ec2-role"
          },
          "sensitive_attributes": [],
          "identity_schema_version": 0,
          "private": "bnVsbA==",
          "dependencies": [
            "aws_codedeploy_app.discord_bot_app",
            "aws_codedeploy_deployment_group.discord_bot_deployment_group",
            "aws_iam_role.codedeploy_service_role",
            "aws_iam_role.ec2_instance_role",
            "aws_s3_bucket.codedeploy_bundles",
            "data.aws_caller_identity.current",
            "data.aws_region.current"
          ]
        }
      ]
    },
    {
      "mode": "managed",
      "type": "aws_iam_role_policy",
      "name": "ec2_ecr_policy",
      "provider": "provider[\"registry.terraform.io/hashicorp/aws\"]",
      "instances": [
        {
          "index_key": 0,
          "schema_version": 0,
          "attributes": {
            "id": "discord-bot-ec2-role:discord-ec2-ecr",
            "name": "discord-ec2-ecr",
            "name_prefix": "",
            "policy": "{\"Version\":\"2012-10-17\",\"Statement\":[{\"Action\":[\"ecr:GetAuthorizationToken\"],\"Effect\":\"Allow\",\"Resource\":\"*\"},{\"Action\":[\"ecr:BatchCheckLayerAvailability\",\"ecr:GetDownloadUrlForLayer\",\"ecr:BatchGetImage\"],\"Effect\":\"Allow\",\"Resource\":[\"arn:aws:ecr:us-east-1:471112640567:repository/discord-bot-ecr_repository\"]}]}",
            "role": "discord-bot-ec2-role"
          },
          "sensitive_attributes": [],
          "identity_schema_version": 0,
          "private": "bnVsbA==",
          "dependencies": [
            "aws_ecr_repository.discord",
            "aws_iam_role.ec2_instance_role"
          ]
        }
      ]
    },
    {
      "mode": "managed",
      "type": "aws_iam_role_policy_attachment",
      "name": "backup_policy",
      "provider": "provider[\"registry.terraform.io/hashicorp/aws\"]",
      "instances": [
        {
          "schema_version": 0,
          "attributes": {
            "id": "discord-bot-backup-role-20251122094758460200000001",
            "policy_arn": "arn:aws:iam::aws:policy/service-role/AWSBackupServiceRolePolicyForBackup",
            "role": "discord-bot-backup-role"
          },
          "sensitive_attributes": [],
          "identity_schema_version": 0,
          "private": "bnVsbA==",
          "dependencies": [
            "aws_iam_role.backup_role"
          ]
        }
      ]
    },
    {
      "mode": "managed",
      "type": "aws_iam_role_policy_attachment",
      "name": "codedeploy_s3_read",
      "provider": "provider[\"registry.terraform.io/hashicorp/aws\"]",
      "instances": [
        {
          "schema_version": 0,
          "attributes": {
            "id": "discord-codedeploy-service-role-20251118174246601400000004",
            "policy_arn": "arn:aws:iam::471112640567:policy/codedeploy-s3-deploy-policy",
            "role": "discord-codedeploy-service-role"
          },
          "sensitive_attributes": [],
          "identity_schema_version": 0,
          "private": "bnVsbA==",
          "dependencies": [
            "aws_iam_policy.codedeploy_s3_policy",
            "aws_iam_role.codedeploy_service_role",
            "aws_s3_bucket.codedeploy_bundles",
            "data.aws_region.current"
          ]
        }
      ]
    },
    {
      "mode": "managed",
      "type": "aws_iam_role_policy_attachment",
      "name": "codedeploy_service_attach",
      "provider": "provider[\"registry.terraform.io/hashicorp/aws\"]",
      "instances": [
        {
          "schema_version": 0,
          "attributes": {
            "id": "discord-codedeploy-service-role-20251118174240129400000002",
            "policy_arn": "arn:aws:iam::aws:policy/service-role/AWSCodeDeployRole",
            "role": "discord-codedeploy-service-role"
          },
          "sensitive_attributes": [],
          "identity_schema_version": 0,
          "private": "bnVsbA==",
          "dependencies": [
            "aws_iam_role.codedeploy_service_role"
          ]
        }
      ]
    },
    {
      "mode": "managed",
      "type": "aws_iam_role_policy_attachment",
      "name": "codepipeline_role_attach",
      "provider": "provider[\"registry.terraform.io/hashicorp/aws\"]",
      "instances": [
        {
          "index_key": 0,
          "schema_version": 0,
          "attributes": {
            "id": "discord-bot-codepipeline-role-20251121155310243300000001",
            "policy_arn": "arn:aws:iam::471112640567:policy/discord-bot-codepipeline-policy",
            "role": "discord-bot-codepipeline-role"
          },
          "sensitive_attributes": [],
          "identity_schema_version": 0,
          "private": "bnVsbA==",
          "dependencies": [
            "aws_codebuild_project.discord_build",
            "aws_codecommit_repository.discord",
            "aws_ecr_repository.discord",
            "aws_iam_policy.codepipeline_policy",
            "aws_iam_role.codebuild_role",
            "aws_iam_role.codepipeline_role",
            "aws_s3_bucket.codedeploy_bundles",
            "data.aws_region.current"
          ]
        }
      ]
    },
    {
      "mode": "managed",
      "type": "aws_iam_role_policy_attachment",
      "name": "ec2_ssm",
      "provider": "provider[\"registry.terraform.io/hashicorp/aws\"]",
      "instances": [
        {
          "schema_version": 0,
          "attributes": {
            "id": "discord-bot-ec2-role-20251118174241144300000003",
            "policy_arn": "arn:aws:iam::aws:policy/AmazonSSMManagedInstanceCore",
            "role": "discord-bot-ec2-role"
          },
          "sensitive_attributes": [],
          "identity_schema_version": 0,
          "private": "bnVsbA==",
          "dependencies": [
            "aws_iam_role.ec2_instance_role"
          ]
        }
      ]
    },
    {
      "mode": "managed",
      "type": "aws_instance",
      "name": "discord_bot",
      "provider": "provider[\"registry.terraform.io/hashicorp/aws\"]",
      "instances": [
        {
          "schema_version": 1,
          "attributes": {
            "ami": "ami-054b94ff1301a174e",
            "arn": "arn:aws:ec2:us-east-1:471112640567:instance/i-09dc583587f418fd1",
            "associate_public_ip_address": true,
            "availability_zone": "us-east-1a",
            "capacity_reservation_specification": [
              {
                "capacity_reservation_preference": "open",
                "capacity_reservation_target": []
              }
            ],
            "cpu_core_count": 2,
            "cpu_options": [
              {
                "amd_sev_snp": "",
                "core_count": 2,
                "threads_per_core": 1
              }
            ],
            "cpu_threads_per_core": 1,
            "credit_specification": [
              {
                "cpu_credits": "unlimited"
              }
            ],
            "disable_api_stop": false,
            "disable_api_termination": false,
            "ebs_block_device": [
              {
                "delete_on_termination": false,
                "device_name": "/dev/sdh",
                "encrypted": true,
                "iops": 3000,
                "kms_key_id": "arn:aws:kms:us-east-1:471112640567:key/32ed59dc-1e7e-4ed9-a4c0-5983eb6e2132",
                "snapshot_id": "",
                "tags": {
                  "ManagedBy": "Terraform",
                  "Name": "discord-bot-ebs",
                  "Project": "discord-bot"
                },
                "tags_all": {
                  "ManagedBy": "Terraform",
                  "Name": "discord-bot-ebs",
                  "Project": "discord-bot"
                },
                "throughput": 125,
                "volume_id": "vol-00486bc253082275a",
                "volume_size": 5,
                "volume_type": "gp3"
              }
            ],
            "ebs_optimized": false,
            "enable_primary_ipv6": null,
            "enclave_options": [
              {
                "enabled": false
              }
            ],
            "ephemeral_block_device": [],
            "get_password_data": false,
            "hibernation": false,
            "host_id": "",
            "host_resource_group_arn": null,
            "iam_instance_profile": "discord-bot-instance-profile",
            "id": "i-09dc583587f418fd1",
            "instance_initiated_shutdown_behavior": "stop",
            "instance_lifecycle": "",
            "instance_market_options": [],
            "instance_state": "running",
            "instance_type": "t4g.nano",
            "ipv6_address_count": 0,
            "ipv6_addresses": [],
            "key_name": "discord-bot-ssh",
            "launch_template": [],
            "maintenance_options": [
              {
                "auto_recovery": "default"
              }
            ],
            "metadata_options": [
              {
                "http_endpoint": "enabled",
                "http_protocol_ipv6": "disabled",
                "http_put_response_hop_limit": 1,
                "http_tokens": "optional",
                "instance_metadata_tags": "disabled"
              }
            ],
            "monitoring": true,
            "network_interface": [],
            "outpost_arn": "",
            "password_data": "",
            "placement_group": "",
            "placement_partition_number": 0,
            "primary_network_interface_id": "eni-0a12c9a5fe1ba90de",
            "private_dns": "ip-10-2-1-29.ec2.internal",
            "private_dns_name_options": [
              {
                "enable_resource_name_dns_a_record": false,
                "enable_resource_name_dns_aaaa_record": false,
                "hostname_type": "ip-name"
              }
            ],
            "private_ip": "10.2.1.29",
            "public_dns": "ec2-54-205-177-27.compute-1.amazonaws.com",
            "public_ip": "54.205.177.27",
            "root_block_device": [
              {
                "delete_on_termination": true,
                "device_name": "/dev/xvda",
                "encrypted": true,
                "iops": 100,
                "kms_key_id": "arn:aws:kms:us-east-1:471112640567:key/32ed59dc-1e7e-4ed9-a4c0-5983eb6e2132",
                "tags": {},
                "tags_all": {},
                "throughput": 0,
                "volume_id": "vol-0a1b192ab7c4a6357",
                "volume_size": 8,
                "volume_type": "gp2"
              }
            ],
            "secondary_private_ips": [],
            "security_groups": [],
            "source_dest_check": true,
            "spot_instance_request_id": "",
            "subnet_id": "subnet-0548f9e581be90db4",
            "tags": {
              "CodeDeployEnv": "discord-bot",
              "ManagedBy": "Terraform",
              "Name": "discord-bot-instance",
              "Project": "discord-bot"
            },
            "tags_all": {
              "CodeDeployEnv": "discord-bot",
              "ManagedBy": "Terraform",
              "Name": "discord-bot-instance",
              "Project": "discord-bot"
            },
            "tenancy": "default",
            "timeouts": null,
            "user_data": "44e4d208d2c895197cf0445525061e2b6ed367ea",
            "user_data_base64": null,
            "user_data_replace_on_change": false,
            "volume_tags": null,
            "vpc_security_group_ids": [
              "sg-086323dbd45ed2015"
            ]
          },
          "sensitive_attributes": [],
          "identity_schema_version": 0,
          "private": "eyJlMmJmYjczMC1lY2FhLTExZTYtOGY4OC0zNDM2M2JjN2M0YzAiOnsiY3JlYXRlIjo2MDAwMDAwMDAwMDAsImRlbGV0ZSI6MTIwMDAwMDAwMDAwMCwicmVhZCI6OTAwMDAwMDAwMDAwLCJ1cGRhdGUiOjYwMDAwMDAwMDAwMH0sInNjaGVtYV92ZXJzaW9uIjoiMSJ9",
          "dependencies": [
            "aws_iam_instance_profile.ec2_instance",
            "aws_iam_role.ec2_instance_role",
            "aws_key_pair.discord_ssh",
            "aws_security_group.discord_bot",
            "data.aws_ami.amazon_linux",
            "data.aws_availability_zones.available",
            "module.vpc.aws_subnet.public",
            "module.vpc.aws_vpc.this",
            "module.vpc.aws_vpc_ipv4_cidr_block_association.this",
            "tls_private_key.discord_ssh"
          ]
        }
      ]
    },
    {
      "mode": "managed",
      "type": "aws_key_pair",
      "name": "discord_ssh",
      "provider": "provider[\"registry.terraform.io/hashicorp/aws\"]",
      "instances": [
        {
          "schema_version": 1,
          "attributes": {
            "arn": "arn:aws:ec2:us-east-1:471112640567:key-pair/discord-bot-ssh",
            "fingerprint": "db:91:bc:f8:e1:09:34:0b:15:3e:c3:17:2e:55:26:67",
            "id": "discord-bot-ssh",
            "key_name": "discord-bot-ssh",
            "key_name_prefix": "",
            "key_pair_id": "key-01266ce93285c3611",
            "key_type": "rsa",
            "public_key": "ssh-rsa AAAAB3NzaC1yc2EAAAADAQABAAACAQDIeVP//47YDBf65Qb+ehnGqqhBmZaY0sDaASLVDQ1cHQWF7dSye77dq+fWHk72SSHnp1rTwoaiDSU7/ff4UZVgT8B6pe+j/nZmAhGWLkVzhz1PrZdr58+kVxv9qwAZKbSUJKnKon0Qg78GtooSSmyivaOa/VndlakSZKuZ1A9trSp75upcCTOLgGxS4nShxP9I9QriFT+NptnkQ96mUHHXLS9o5BTfU+SWn0qWPFWWIo3Fxl6v1oYF6j4AH0KmJek0F5qxVsTRo3NxqHxUjz9+YnBS51T3Nzk6l4/qZUuR9nrh2Bo4pmR4leuhwT9OcSFso6STOMtOzmh7h7mo4w4t4GE4xanBfN7Ia5cAlG85UBFFsHpET35ZQ9LjtR/MfC5Ow/w/vP+U3bNMjiW2rtWJFqumxQZ5Tpg9WKjLF5sqrTlET8ltOmPZAt0HX2r0+LdZ/TI57a9b2lzlCOToeGmHbEW8QCsdnnxfigqvnpz16sfFXgVIeYxjvp6mLV18kmhvvNISrqcCpCZvBrFdDYlXBEwDrsm3+EdrdJonbWZdMg0WELBIeWcHGJ+2/i39ibpfaqg3Zjy4IskmeZ+tm+P9KkUHec8cc9AQINsC+WZBQ19clIhMIgxklLqI446FUWTG4ycT8i2cUtR0eFiC5lz382YG0/LEV3GslNo1Q46XlQ==",
            "tags": {
              "ManagedBy": "Terraform",
              "Project": "discord-bot"
            },
            "tags_all": {
              "ManagedBy": "Terraform",
              "Project": "discord-bot"
            }
          },
          "sensitive_attributes": [],
          "identity_schema_version": 0,
          "private": "eyJzY2hlbWFfdmVyc2lvbiI6IjEifQ==",
          "dependencies": [
            "tls_private_key.discord_ssh"
          ]
        }
      ]
    },
    {
      "mode": "managed",
      "type": "aws_s3_bucket",
      "name": "codedeploy_bundles",
      "provider": "provider[\"registry.terraform.io/hashicorp/aws\"]",
      "instances": [
        {
          "schema_version": 0,
          "attributes": {
            "acceleration_status": "",
            "acl": "private",
            "arn": "arn:aws:s3:::discord-bot-codedeploy-bundles-us-east-1",
            "bucket": "discord-bot-codedeploy-bundles-us-east-1",
            "bucket_domain_name": "discord-bot-codedeploy-bundles-us-east-1.s3.amazonaws.com",
            "bucket_prefix": "",
            "bucket_regional_domain_name": "discord-bot-codedeploy-bundles-us-east-1.s3.us-east-1.amazonaws.com",
            "cors_rule": [],
            "force_destroy": false,
            "grant": [
              {
                "id": "f2fd7e50f2647ac4c274a044aa286bc3a04a761cafff70fe39a9218414f09a91",
                "permissions": [
                  "FULL_CONTROL"
                ],
                "type": "CanonicalUser",
                "uri": ""
              }
            ],
            "hosted_zone_id": "Z3AQBSTGFYJSTF",
            "id": "discord-bot-codedeploy-bundles-us-east-1",
            "lifecycle_rule": [
              {
                "abort_incomplete_multipart_upload_days": 0,
                "enabled": true,
                "expiration": [],
                "id": "expire-old-versions",
                "noncurrent_version_expiration": [
                  {
                    "days": 30
                  }
                ],
                "noncurrent_version_transition": [],
                "prefix": "",
                "tags": {},
                "transition": []
              }
            ],
            "logging": [],
            "object_lock_configuration": [],
            "object_lock_enabled": false,
            "policy": "",
            "region": "us-east-1",
            "replication_configuration": [],
            "request_payer": "BucketOwner",
            "server_side_encryption_configuration": [
              {
                "rule": [
                  {
                    "apply_server_side_encryption_by_default": [
                      {
                        "kms_master_key_id": "",
                        "sse_algorithm": "AES256"
                      }
                    ],
                    "bucket_key_enabled": false
                  }
                ]
              }
            ],
            "tags": {
              "ManagedBy": "Terraform",
              "Project": "discord-bot"
            },
            "tags_all": {
              "ManagedBy": "Terraform",
              "Project": "discord-bot"
            },
            "timeouts": null,
            "versioning": [
              {
                "enabled": true,
                "mfa_delete": false
              }
            ],
            "website": [],
            "website_domain": null,
            "website_endpoint": null
          },
          "sensitive_attributes": [],
          "identity_schema_version": 0,
          "private": "eyJlMmJmYjczMC1lY2FhLTExZTYtOGY4OC0zNDM2M2JjN2M0YzAiOnsiY3JlYXRlIjoxMjAwMDAwMDAwMDAwLCJkZWxldGUiOjM2MDAwMDAwMDAwMDAsInJlYWQiOjEyMDAwMDAwMDAwMDAsInVwZGF0ZSI6MTIwMDAwMDAwMDAwMH19",
          "dependencies": [
            "data.aws_region.current"
          ]
        }
      ]
    },
    {
      "mode": "managed",
      "type": "aws_s3_bucket_lifecycle_configuration",
      "name": "codedeploy_bundles_lifecycle",
      "provider": "provider[\"registry.terraform.io/hashicorp/aws\"]",
      "instances": [
        {
          "schema_version": 1,
          "attributes": {
            "bucket": "discord-bot-codedeploy-bundles-us-east-1",
            "expected_bucket_owner": "",
            "id": "discord-bot-codedeploy-bundles-us-east-1",
            "rule": [
              {
                "abort_incomplete_multipart_upload": [],
                "expiration": [],
                "filter": [
                  {
                    "and": [],
                    "object_size_greater_than": null,
                    "object_size_less_than": null,
                    "prefix": "",
                    "tag": []
                  }
                ],
                "id": "expire-old-versions",
                "noncurrent_version_expiration": [
                  {
                    "newer_noncurrent_versions": null,
                    "noncurrent_days": 30
                  }
                ],
                "noncurrent_version_transition": [],
                "prefix": "",
                "status": "Enabled",
                "transition": []
              }
            ],
            "timeouts": null,
            "transition_default_minimum_object_size": "all_storage_classes_128K"
          },
          "sensitive_attributes": [],
          "identity_schema_version": 0,
          "dependencies": [
            "aws_s3_bucket.codedeploy_bundles",
            "data.aws_region.current"
          ]
        }
      ]
    },
    {
      "mode": "managed",
      "type": "aws_s3_bucket_public_access_block",
      "name": "codedeploy_bundles_block",
      "provider": "provider[\"registry.terraform.io/hashicorp/aws\"]",
      "instances": [
        {
          "index_key": 0,
          "schema_version": 0,
          "attributes": {
            "block_public_acls": true,
            "block_public_policy": true,
            "bucket": "discord-bot-codedeploy-bundles-us-east-1",
            "id": "discord-bot-codedeploy-bundles-us-east-1",
            "ignore_public_acls": true,
            "restrict_public_buckets": true
          },
          "sensitive_attributes": [],
          "identity_schema_version": 0,
          "private": "bnVsbA==",
          "dependencies": [
            "aws_s3_bucket.codedeploy_bundles",
            "data.aws_region.current"
          ]
        }
      ]
    },
    {
      "mode": "managed",
      "type": "aws_s3_bucket_server_side_encryption_configuration",
      "name": "codedeploy_bundles_sse",
      "provider": "provider[\"registry.terraform.io/hashicorp/aws\"]",
      "instances": [
        {
          "schema_version": 0,
          "attributes": {
            "bucket": "discord-bot-codedeploy-bundles-us-east-1",
            "expected_bucket_owner": "",
            "id": "discord-bot-codedeploy-bundles-us-east-1",
            "rule": [
              {
                "apply_server_side_encryption_by_default": [
                  {
                    "kms_master_key_id": "",
                    "sse_algorithm": "AES256"
                  }
                ],
                "bucket_key_enabled": false
              }
            ]
          },
          "sensitive_attributes": [],
          "identity_schema_version": 0,
          "private": "bnVsbA==",
          "dependencies": [
            "aws_s3_bucket.codedeploy_bundles",
            "data.aws_region.current"
          ]
        }
      ]
    },
    {
      "mode": "managed",
      "type": "aws_s3_bucket_versioning",
      "name": "codedeploy_bundles_versioning",
      "provider": "provider[\"registry.terraform.io/hashicorp/aws\"]",
      "instances": [
        {
          "schema_version": 0,
          "attributes": {
            "bucket": "discord-bot-codedeploy-bundles-us-east-1",
            "expected_bucket_owner": "",
            "id": "discord-bot-codedeploy-bundles-us-east-1",
            "mfa": null,
            "versioning_configuration": [
              {
                "mfa_delete": "",
                "status": "Enabled"
              }
            ]
          },
          "sensitive_attributes": [],
          "identity_schema_version": 0,
          "private": "bnVsbA==",
          "dependencies": [
            "aws_s3_bucket.codedeploy_bundles",
            "data.aws_region.current"
          ]
        }
      ]
    },
    {
      "mode": "managed",
      "type": "aws_security_group",
      "name": "discord_bot",
      "provider": "provider[\"registry.terraform.io/hashicorp/aws\"]",
      "instances": [
        {
          "schema_version": 1,
          "attributes": {
            "arn": "arn:aws:ec2:us-east-1:471112640567:security-group/sg-086323dbd45ed2015",
            "description": "Allow SSH and basic outbound for the bot",
            "egress": [
              {
                "cidr_blocks": [
                  "0.0.0.0/0"
                ],
                "description": "",
                "from_port": 0,
                "ipv6_cidr_blocks": [],
                "prefix_list_ids": [],
                "protocol": "-1",
                "security_groups": [],
                "self": false,
                "to_port": 0
              }
            ],
            "id": "sg-086323dbd45ed2015",
            "ingress": [
              {
                "cidr_blocks": [
                  "0.0.0.0/0"
                ],
                "description": "SSH",
                "from_port": 22,
                "ipv6_cidr_blocks": [],
                "prefix_list_ids": [],
                "protocol": "tcp",
                "security_groups": [],
                "self": false,
                "to_port": 22
              }
            ],
            "name": "discord-bot-sg",
            "name_prefix": "",
            "owner_id": "471112640567",
            "revoke_rules_on_delete": false,
            "tags": {
              "ManagedBy": "Terraform",
              "Name": "discord-bot-sg",
              "Project": "discord-bot"
            },
            "tags_all": {
              "ManagedBy": "Terraform",
              "Name": "discord-bot-sg",
              "Project": "discord-bot"
            },
            "timeouts": null,
            "vpc_id": "vpc-01bfde46416110f36"
          },
          "sensitive_attributes": [],
          "identity_schema_version": 0,
          "private": "eyJlMmJmYjczMC1lY2FhLTExZTYtOGY4OC0zNDM2M2JjN2M0YzAiOnsiY3JlYXRlIjo2MDAwMDAwMDAwMDAsImRlbGV0ZSI6OTAwMDAwMDAwMDAwfSwic2NoZW1hX3ZlcnNpb24iOiIxIn0=",
          "dependencies": [
            "module.vpc.aws_vpc.this"
          ]
        }
      ]
    },
    {
      "mode": "managed",
      "type": "aws_volume_attachment",
      "name": "discord_data_attachment",
      "provider": "provider[\"registry.terraform.io/hashicorp/aws\"]",
      "instances": [
        {
          "schema_version": 0,
          "attributes": {
            "device_name": "/dev/sdh",
            "force_detach": null,
            "id": "vai-272382906",
            "instance_id": "i-09dc583587f418fd1",
            "skip_destroy": false,
            "stop_instance_before_detaching": null,
            "timeouts": null,
            "volume_id": "vol-00486bc253082275a"
          },
          "sensitive_attributes": [],
          "identity_schema_version": 0,
          "private": "eyJlMmJmYjczMC1lY2FhLTExZTYtOGY4OC0zNDM2M2JjN2M0YzAiOnsiY3JlYXRlIjozMDAwMDAwMDAwMDAsImRlbGV0ZSI6MzAwMDAwMDAwMDAwfX0=",
          "dependencies": [
            "aws_ebs_volume.discord_data",
            "aws_iam_instance_profile.ec2_instance",
            "aws_iam_role.ec2_instance_role",
            "aws_instance.discord_bot",
            "aws_key_pair.discord_ssh",
            "aws_security_group.discord_bot",
            "data.aws_ami.amazon_linux",
            "data.aws_availability_zones.available",
            "module.vpc.aws_subnet.public",
            "module.vpc.aws_vpc.this",
            "module.vpc.aws_vpc_ipv4_cidr_block_association.this",
            "tls_private_key.discord_ssh"
          ]
        }
      ]
    },
    {
      "mode": "managed",
      "type": "local_file",
      "name": "ssh_keyfile",
      "provider": "provider[\"registry.terraform.io/hashicorp/local\"]",
      "instances": [
        {
          "schema_version": 0,
          "attributes": {
            "content": "-----BEGIN RSA PRIVATE KEY-----\nMIIJJgIBAAKCAgEAyHlT//+O2AwX+uUG/noZxqqoQZmWmNLA2gEi1Q0NXB0Fhe3U\nsnu+3avn1h5O9kkh56da08KGog0lO/33+FGVYE/AeqXvo/52ZgIRli5Fc4c9T62X\na+fPpFcb/asAGSm0lCSpyqJ9EIO/BraKEkpsor2jmv1Z3ZWpEmSrmdQPba0qe+bq\nXAkzi4BsUuJ0ocT/SPUK4hU/jabZ5EPeplBx1y0vaOQU31Pklp9KljxVliKNxcZe\nr9aGBeo+AB9CpiXpNBeasVbE0aNzcah8VI8/fmJwUudU9zc5OpeP6mVLkfZ64dga\nOKZkeJXrocE/TnEhbKOkkzjLTs5oe4e5qOMOLeBhOMWpwXzeyGuXAJRvOVARRbB6\nRE9+WUPS47UfzHwuTsP8P7z/lN2zTI4ltq7ViRarpsUGeU6YPVioyxebKq05RE/J\nbTpj2QLdB19q9Pi3Wf0yOe2vW9pc5Qjk6Hhph2xFvEArHZ58X4oKr56c9erHxV4F\nSHmMY76epi1dfJJob7zSEq6nAqQmbwaxXQ2JVwRMA67Jt/hHa3SaJ21mXTINFhCw\nSHlnBxiftv4t/Ym6X2qoN2Y8uCLJJnmfrZvj/SpFB3nPHHPQECDbAvlmQUNfXJSI\nTCIMZJS6iOOOhVFkxuMnE/ItnFLUdHhYguZc9/NmBtPyxFdxrJTaNUOOl5UCAwEA\nAQKCAgAFyZrnNRWGnzLCB4KgLh44Ygzhd/GlD9CJeqbqx6mvExdpumf9jxz/gUr8\nH3vgGFRmP6qbmm4Ql5iPltFl1dUeJq9D2y6D6YC5iS3AzC0tHKZkenp4nwSblfg0\n5o7mKxIPhM9yDibWJzeIlhR+Wq+wMxFaFB5YC04KPeXGVxzq6ajkUtJJPerDCD4Y\nVnlPgkRscsaRqFNhX4PC10LCQmhG8gMAYDVKDT34KzkYBT3jS7QUFZn+MY9E9HI9\nxqlB6q5E1rmcjQi5lKJskZSlTE1k9KqReiQ1zt5UFrQM7Ee2OwtpIbgAEq2r3Ygj\n71RIi3OPk1nY9jbIW6Ugi9aMTaHHHDBxUcnUPU2UdnmCO2228lTutXtzVmwJwEtG\nrC/W1UOwPsSRF3qTy6yZZ7yWLgN/LGfYtH9b5HWAFOheqg8+KsIdAK3o5jadPPDe\nLlqJC79RVskZr0tP2rdp8Aj5OBuuuK7khi9xbFRmXBOxD7ZH6c7iqj1vRH6iyXCW\nstev7pA8579/E+2sezMtGstl0gmvcW5iInzximgtQgtRW1uTdUVUu7HjvT64dpyq\nMj0n2wn+SPKFloV6sLGX3CewtooDn1wK5Ohoi5JM+CBPXCH7nOsRY2xWNV00lkVx\n5BoirlW1iPL/n4B8e2NZcvE+Btun7usx54CGXQa5sueRroB/AQKCAQEA2oRBspSd\nHRE+Mti0WPHPHRbJjfbEolbIRZBM1a9txCHrAm0H2J1Q3u8F+Qtug27XmQpOYMyN\nhZudq5EqnJ1T/litMhJBETvf2HIOB/TrqTS+jXMRmGO3OBp/jlKYCY/FCK3BHM6z\n6yYDeJnOj2XG4LsxR5TZ1mPZs23eTxdWFsU1MPflp+IWq5blkH5Au/YaeBYFo6k1\nO1ouzSqm7AhE0EwDq7MDjonuVKO8rbDUBJHj98YUwOy6G5uMlcRyJcxYU3nSUYVP\nHOcX6tXaYw6srzRrk+PaIgzU4OxB2cqjTEVdxA5oWxCMmlyYnq9tfUjo3O07lLZL\n3VqdNlG+Xwok5QKCAQEA6tzC0KCBCpWOALr0bUo329t+g6RnEV2qYsoJJOrR2c3x\nxCfc9b90ZqDzMCpCZ8qo2CXLoEswARX8+4JObTPuOe88Wnrh/wGe11NHYjBMp65M\nrJNBLRwhYfPUgTatYKgf+MDzakQcVf/w10COVR9rpQCbgzZRJms1D5rXpAo9c38J\n1nyz3p3l5jSR2sy8U86SLlTmpx/3MIRIzT5U2GD2K4ZZKARhuDJhHA0wC0y1q+BR\n6u0odUUA+zuZHL74lrz3dfWo2eekwBBn6p3alz4tWm9dc7CsOOgGTT009+avn1HD\nJYTWjNDALWVYBa1IRavEDNkFVaOXqHz7qiIX5dis8QKCAQEAk75uiSbwX9Hjww9A\nSQ8doSZiGqlpY/XXLSmWubgGOGFSe25qqqwbHNBxsmRnUVhlT2Vnfw1u9pIz9eeN\n7xx0yPj+CWfMNLHN9JORJxITMHGoEQ1nLSjmnXlVG05+26AocWjBtA+SGIC4QheE\nUPJYmGQYurRK4Sjb7fRwJfu6SmUGRNinn24/M78v8hVbAXsxhFYnc/OZOUsNb8zR\n1a71j/yFUtcTpZFe4j1e+fUgNQLLJyD3sUWdw8LVOAH9x861PaOVb2b6Cam6Qx5a\nrTUjzsZboj+hofoZCQbUs0POS2hvMHspVcEHv+qxikFEfzwHrjB8Y10qSDzXJP36\nAFpkfQKCAQBq/1Idu9GuIb5E5OdwVuyl1BSKIr718WcrhIGv+O7LvIBVbhfDOYrt\nKoxAODBymqhbeLSQ/VAMXpkXeCEErTDt4ejsC6mkBHf5/y25NOnnRogV4yxBQdyP\nhIcequtH6rBOIpGCqy8Bmw188yMk8qCW1nUCzR8hUpwk1NVDHYsrcAfqWHuVgvf2\n7aI5PSbbQ3PjebhvESgLSWjlYG1E+r+LyrQZgA2I3iLRpcxqiXMGr7aCQbM54cr1\nqgwyRWp5OfO/IMDhLSAohBDjmTC50JDW739ysl1zu3kLfUQBYG5INfaixCb+lifH\nRrFYPL59RyiU9dXxUwtHrlD1DH04sILxAoH/IkT2UZAlpaFGCm+aOGdQJXxURHQo\ngAZ8y6dk6YXyYOke6vpxdn25H9nFRGgYbNeqkbqTdp4BaSM1yjxxeIsbhJry8lWC\nTLIXbXNVGpZvG54zaZZtuxtlvivAhwS0gPFJcmjj6BWE/KOosHo7/yBPNDr6o1gT\nlvzix596pAknWgS/2YfmzCkDyaMb7/FWs88uurij23qB07z1sRrUDm8ocalR4NeT\nhinWWi9KAQyVoHtceFkKI0bgaGvFINcH+KvwRIoqfqqTdVHoBE3MiAPamyfJfqCA\n20t0/3xqYx3Ruc9c1zaqKFz+ma8rekP5X/VTnDKQDpT+rkFmrNUP2+qA\n-----END RSA PRIVATE KEY-----\n",
            "content_base64": null,
            "content_base64sha256": "b8usM9Jnorv6IvYW6NdG8RLjmZXkaB54tkLRE87apYE=",
            "content_base64sha512": "lUlx4CIQcL89dbRpceQkFIXwp8QY/0trvtr7bwyByN6DXQsEx0qzbA3GELZC8rcIJv01Imi/m4QBR+PtJL38mQ==",
            "content_md5": "7d83c36fcffd4b6f27623afa399d95e4",
            "content_sha1": "4d77e06739cfc81fa6680f2888df3a84baa99d45",
            "content_sha256": "6fcbac33d267a2bbfa22f616e8d746f112e39995e4681e78b642d113cedaa581",
            "content_sha512": "954971e0221070bf3d75b46971e4241485f0a7c418ff4b6bbedafb6f0c81c8de835d0b04c74ab36c0dc610b642f2b70826fd352268bf9b840147e3ed24bdfc99",
            "directory_permission": "0777",
            "file_permission": "0600",
            "filename": "./.ssh/discord-bot-ssh.pem",
            "id": "4d77e06739cfc81fa6680f2888df3a84baa99d45",
            "sensitive_content": null,
            "source": null
          },
          "sensitive_attributes": [
            [
              {
                "type": "get_attr",
                "value": "content"
              }
            ],
            [
              {
                "type": "get_attr",
                "value": "sensitive_content"
              }
            ]
          ],
          "identity_schema_version": 0,
          "dependencies": [
            "tls_private_key.discord_ssh"
          ]
        }
      ]
    },
    {
      "mode": "managed",
      "type": "tls_private_key",
      "name": "discord_ssh",
      "provider": "provider[\"registry.terraform.io/hashicorp/tls\"]",
      "instances": [
        {
          "schema_version": 1,
          "attributes": {
            "algorithm": "RSA",
            "ecdsa_curve": "P224",
            "id": "6eded7a606ddf9902bc18cd2ac17788257ae1dbe",
            "private_key_openssh": "-----BEGIN OPENSSH PRIVATE KEY-----\nb3BlbnNzaC1rZXktdjEAAAAABG5vbmUAAAAEbm9uZQAAAAAAAAABAAACFwAAAAdz\nc2gtcnNhAAAAAwEAAQAAAgEAyHlT//+O2AwX+uUG/noZxqqoQZmWmNLA2gEi1Q0N\nXB0Fhe3Usnu+3avn1h5O9kkh56da08KGog0lO/33+FGVYE/AeqXvo/52ZgIRli5F\nc4c9T62Xa+fPpFcb/asAGSm0lCSpyqJ9EIO/BraKEkpsor2jmv1Z3ZWpEmSrmdQP\nba0qe+bqXAkzi4BsUuJ0ocT/SPUK4hU/jabZ5EPeplBx1y0vaOQU31Pklp9KljxV\nliKNxcZer9aGBeo+AB9CpiXpNBeasVbE0aNzcah8VI8/fmJwUudU9zc5OpeP6mVL\nkfZ64dgaOKZkeJXrocE/TnEhbKOkkzjLTs5oe4e5qOMOLeBhOMWpwXzeyGuXAJRv\nOVARRbB6RE9+WUPS47UfzHwuTsP8P7z/lN2zTI4ltq7ViRarpsUGeU6YPVioyxeb\nKq05RE/JbTpj2QLdB19q9Pi3Wf0yOe2vW9pc5Qjk6Hhph2xFvEArHZ58X4oKr56c\n9erHxV4FSHmMY76epi1dfJJob7zSEq6nAqQmbwaxXQ2JVwRMA67Jt/hHa3SaJ21m\nXTINFhCwSHlnBxiftv4t/Ym6X2qoN2Y8uCLJJnmfrZvj/SpFB3nPHHPQECDbAvlm\nQUNfXJSITCIMZJS6iOOOhVFkxuMnE/ItnFLUdHhYguZc9/NmBtPyxFdxrJTaNUOO\nl5UAAAc4U7er31O3q98AAAAHc3NoLXJzYQAAAgEAyHlT//+O2AwX+uUG/noZxqqo\nQZmWmNLA2gEi1Q0NXB0Fhe3Usnu+3avn1h5O9kkh56da08KGog0lO/33+FGVYE/A\neqXvo/52ZgIRli5Fc4c9T62Xa+fPpFcb/asAGSm0lCSpyqJ9EIO/BraKEkpsor2j\nmv1Z3ZWpEmSrmdQPba0qe+bqXAkzi4BsUuJ0ocT/SPUK4hU/jabZ5EPeplBx1y0v\naOQU31Pklp9KljxVliKNxcZer9aGBeo+AB9CpiXpNBeasVbE0aNzcah8VI8/fmJw\nUudU9zc5OpeP6mVLkfZ64dgaOKZkeJXrocE/TnEhbKOkkzjLTs5oe4e5qOMOLeBh\nOMWpwXzeyGuXAJRvOVARRbB6RE9+WUPS47UfzHwuTsP8P7z/lN2zTI4ltq7ViRar\npsUGeU6YPVioyxebKq05RE/JbTpj2QLdB19q9Pi3Wf0yOe2vW9pc5Qjk6Hhph2xF\nvEArHZ58X4oKr56c9erHxV4FSHmMY76epi1dfJJob7zSEq6nAqQmbwaxXQ2JVwRM\nA67Jt/hHa3SaJ21mXTINFhCwSHlnBxiftv4t/Ym6X2qoN2Y8uCLJJnmfrZvj/SpF\nB3nPHHPQECDbAvlmQUNfXJSITCIMZJS6iOOOhVFkxuMnE/ItnFLUdHhYguZc9/Nm\nBtPyxFdxrJTaNUOOl5UAAAADAQABAAACAAXJmuc1FYafMsIHgqAuHjhiDOF38aUP\n0Il6purHqa8TF2m6Z/2PHP+BSvwfe+AYVGY/qpuabhCXmI+W0WXV1R4mr0PbLoPp\ngLmJLcDMLS0cpmR6enifBJuV+DTmjuYrEg+Ez3IOJtYnN4iWFH5ar7AzEVoUHlgL\nTgo95cZXHOrpqORS0kk96sMIPhhWeU+CRGxyxpGoU2Ffg8LXQsJCaEbyAwBgNUoN\nPfgrORgFPeNLtBQVmf4xj0T0cj3GqUHqrkTWuZyNCLmUomyRlKVMTWT0qpF6JDXO\n3lQWtAzsR7Y7C2khuAASravdiCPvVEiLc4+TWdj2NshbpSCL1oxNocccMHFRydQ9\nTZR2eYI7bbbyVO61e3NWbAnAS0asL9bVQ7A+xJEXepPLrJlnvJYuA38sZ9i0f1vk\ndYAU6F6qDz4qwh0ArejmNp088N4uWokLv1FWyRmvS0/at2nwCPk4G664ruSGL3Fs\nVGZcE7EPtkfpzuKqPW9EfqLJcJay16/ukDznv38T7ax7My0ay2XSCa9xbmIifPGK\naC1CC1FbW5N1RVS7seO9Prh2nKoyPSfbCf5I8oWWhXqwsZfcJ7C2igOfXArk6GiL\nkkz4IE9cIfuc6xFjbFY1XTSWRXHkGiKuVbWI8v+fgHx7Y1ly8T4G26fu6zHngIZd\nBrmy55GugH8BAAAA/yJE9lGQJaWhRgpvmjhnUCV8VER0KIAGfMunZOmF8mDpHur6\ncXZ9uR/ZxURoGGzXqpG6k3aeAWkjNco8cXiLG4Sa8vJVgkyyF21zVRqWbxueM2mW\nbbsbZb4rwIcEtIDxSXJo4+gVhPyjqLB6O/8gTzQ6+qNYE5b84sefeqQJJ1oEv9mH\n5swpA8mjG+/xVrPPLrq4o9t6gdO89bEa1A5vKHGpUeDXk4Yp1lovSgEMlaB7XHhZ\nCiNG4GhrxSDXB/ir8ESKKn6qk3VR6ARNzIgD2psnyX6ggNtLdP98amMd0bnPXNc2\nqihc/pmvK3pD+V/1U5wykA6U/q5BZqzVD9vqgAAAAQEA2oRBspSdHRE+Mti0WPHP\nHRbJjfbEolbIRZBM1a9txCHrAm0H2J1Q3u8F+Qtug27XmQpOYMyNhZudq5EqnJ1T\n/litMhJBETvf2HIOB/TrqTS+jXMRmGO3OBp/jlKYCY/FCK3BHM6z6yYDeJnOj2XG\n4LsxR5TZ1mPZs23eTxdWFsU1MPflp+IWq5blkH5Au/YaeBYFo6k1O1ouzSqm7AhE\n0EwDq7MDjonuVKO8rbDUBJHj98YUwOy6G5uMlcRyJcxYU3nSUYVPHOcX6tXaYw6s\nrzRrk+PaIgzU4OxB2cqjTEVdxA5oWxCMmlyYnq9tfUjo3O07lLZL3VqdNlG+Xwok\n5QAAAQEA6tzC0KCBCpWOALr0bUo329t+g6RnEV2qYsoJJOrR2c3xxCfc9b90ZqDz\nMCpCZ8qo2CXLoEswARX8+4JObTPuOe88Wnrh/wGe11NHYjBMp65MrJNBLRwhYfPU\ngTatYKgf+MDzakQcVf/w10COVR9rpQCbgzZRJms1D5rXpAo9c38J1nyz3p3l5jSR\n2sy8U86SLlTmpx/3MIRIzT5U2GD2K4ZZKARhuDJhHA0wC0y1q+BR6u0odUUA+zuZ\nHL74lrz3dfWo2eekwBBn6p3alz4tWm9dc7CsOOgGTT009+avn1HDJYTWjNDALWVY\nBa1IRavEDNkFVaOXqHz7qiIX5dis8QAAAAABAgME\n-----END OPENSSH PRIVATE KEY-----\n",
            "private_key_pem": "-----BEGIN RSA PRIVATE KEY-----\nMIIJJgIBAAKCAgEAyHlT//+O2AwX+uUG/noZxqqoQZmWmNLA2gEi1Q0NXB0Fhe3U\nsnu+3avn1h5O9kkh56da08KGog0lO/33+FGVYE/AeqXvo/52ZgIRli5Fc4c9T62X\na+fPpFcb/asAGSm0lCSpyqJ9EIO/BraKEkpsor2jmv1Z3ZWpEmSrmdQPba0qe+bq\nXAkzi4BsUuJ0ocT/SPUK4hU/jabZ5EPeplBx1y0vaOQU31Pklp9KljxVliKNxcZe\nr9aGBeo+AB9CpiXpNBeasVbE0aNzcah8VI8/fmJwUudU9zc5OpeP6mVLkfZ64dga\nOKZkeJXrocE/TnEhbKOkkzjLTs5oe4e5qOMOLeBhOMWpwXzeyGuXAJRvOVARRbB6\nRE9+WUPS47UfzHwuTsP8P7z/lN2zTI4ltq7ViRarpsUGeU6YPVioyxebKq05RE/J\nbTpj2QLdB19q9Pi3Wf0yOe2vW9pc5Qjk6Hhph2xFvEArHZ58X4oKr56c9erHxV4F\nSHmMY76epi1dfJJob7zSEq6nAqQmbwaxXQ2JVwRMA67Jt/hHa3SaJ21mXTINFhCw\nSHlnBxiftv4t/Ym6X2qoN2Y8uCLJJnmfrZvj/SpFB3nPHHPQECDbAvlmQUNfXJSI\nTCIMZJS6iOOOhVFkxuMnE/ItnFLUdHhYguZc9/NmBtPyxFdxrJTaNUOOl5UCAwEA\nAQKCAgAFyZrnNRWGnzLCB4KgLh44Ygzhd/GlD9CJeqbqx6mvExdpumf9jxz/gUr8\nH3vgGFRmP6qbmm4Ql5iPltFl1dUeJq9D2y6D6YC5iS3AzC0tHKZkenp4nwSblfg0\n5o7mKxIPhM9yDibWJzeIlhR+Wq+wMxFaFB5YC04KPeXGVxzq6ajkUtJJPerDCD4Y\nVnlPgkRscsaRqFNhX4PC10LCQmhG8gMAYDVKDT34KzkYBT3jS7QUFZn+MY9E9HI9\nxqlB6q5E1rmcjQi5lKJskZSlTE1k9KqReiQ1zt5UFrQM7Ee2OwtpIbgAEq2r3Ygj\n71RIi3OPk1nY9jbIW6Ugi9aMTaHHHDBxUcnUPU2UdnmCO2228lTutXtzVmwJwEtG\nrC/W1UOwPsSRF3qTy6yZZ7yWLgN/LGfYtH9b5HWAFOheqg8+KsIdAK3o5jadPPDe\nLlqJC79RVskZr0tP2rdp8Aj5OBuuuK7khi9xbFRmXBOxD7ZH6c7iqj1vRH6iyXCW\nstev7pA8579/E+2sezMtGstl0gmvcW5iInzximgtQgtRW1uTdUVUu7HjvT64dpyq\nMj0n2wn+SPKFloV6sLGX3CewtooDn1wK5Ohoi5JM+CBPXCH7nOsRY2xWNV00lkVx\n5BoirlW1iPL/n4B8e2NZcvE+Btun7usx54CGXQa5sueRroB/AQKCAQEA2oRBspSd\nHRE+Mti0WPHPHRbJjfbEolbIRZBM1a9txCHrAm0H2J1Q3u8F+Qtug27XmQpOYMyN\nhZudq5EqnJ1T/litMhJBETvf2HIOB/TrqTS+jXMRmGO3OBp/jlKYCY/FCK3BHM6z\n6yYDeJnOj2XG4LsxR5TZ1mPZs23eTxdWFsU1MPflp+IWq5blkH5Au/YaeBYFo6k1\nO1ouzSqm7AhE0EwDq7MDjonuVKO8rbDUBJHj98YUwOy6G5uMlcRyJcxYU3nSUYVP\nHOcX6tXaYw6srzRrk+PaIgzU4OxB2cqjTEVdxA5oWxCMmlyYnq9tfUjo3O07lLZL\n3VqdNlG+Xwok5QKCAQEA6tzC0KCBCpWOALr0bUo329t+g6RnEV2qYsoJJOrR2c3x\nxCfc9b90ZqDzMCpCZ8qo2CXLoEswARX8+4JObTPuOe88Wnrh/wGe11NHYjBMp65M\nrJNBLRwhYfPUgTatYKgf+MDzakQcVf/w10COVR9rpQCbgzZRJms1D5rXpAo9c38J\n1nyz3p3l5jSR2sy8U86SLlTmpx/3MIRIzT5U2GD2K4ZZKARhuDJhHA0wC0y1q+BR\n6u0odUUA+zuZHL74lrz3dfWo2eekwBBn6p3alz4tWm9dc7CsOOgGTT009+avn1HD\nJYTWjNDALWVYBa1IRavEDNkFVaOXqHz7qiIX5dis8QKCAQEAk75uiSbwX9Hjww9A\nSQ8doSZiGqlpY/XXLSmWubgGOGFSe25qqqwbHNBxsmRnUVhlT2Vnfw1u9pIz9eeN\n7xx0yPj+CWfMNLHN9JORJxITMHGoEQ1nLSjmnXlVG05+26AocWjBtA+SGIC4QheE\nUPJYmGQYurRK4Sjb7fRwJfu6SmUGRNinn24/M78v8hVbAXsxhFYnc/OZOUsNb8zR\n1a71j/yFUtcTpZFe4j1e+fUgNQLLJyD3sUWdw8LVOAH9x861PaOVb2b6Cam6Qx5a\nrTUjzsZboj+hofoZCQbUs0POS2hvMHspVcEHv+qxikFEfzwHrjB8Y10qSDzXJP36\nAFpkfQKCAQBq/1Idu9GuIb5E5OdwVuyl1BSKIr718WcrhIGv+O7LvIBVbhfDOYrt\nKoxAODBymqhbeLSQ/VAMXpkXeCEErTDt4ejsC6mkBHf5/y25NOnnRogV4yxBQdyP\nhIcequtH6rBOIpGCqy8Bmw188yMk8qCW1nUCzR8hUpwk1NVDHYsrcAfqWHuVgvf2\n7aI5PSbbQ3PjebhvESgLSWjlYG1E+r+LyrQZgA2I3iLRpcxqiXMGr7aCQbM54cr1\nqgwyRWp5OfO/IMDhLSAohBDjmTC50JDW739ysl1zu3kLfUQBYG5INfaixCb+lifH\nRrFYPL59RyiU9dXxUwtHrlD1DH04sILxAoH/IkT2UZAlpaFGCm+aOGdQJXxURHQo\ngAZ8y6dk6YXyYOke6vpxdn25H9nFRGgYbNeqkbqTdp4BaSM1yjxxeIsbhJry8lWC\nTLIXbXNVGpZvG54zaZZtuxtlvivAhwS0gPFJcmjj6BWE/KOosHo7/yBPNDr6o1gT\nlvzix596pAknWgS/2YfmzCkDyaMb7/FWs88uurij23qB07z1sRrUDm8ocalR4NeT\nhinWWi9KAQyVoHtceFkKI0bgaGvFINcH+KvwRIoqfqqTdVHoBE3MiAPamyfJfqCA\n20t0/3xqYx3Ruc9c1zaqKFz+ma8rekP5X/VTnDKQDpT+rkFmrNUP2+qA\n-----END RSA PRIVATE KEY-----\n",
            "private_key_pem_pkcs8": "-----BEGIN PRIVATE KEY-----\nMIIJQAIBADANBgkqhkiG9w0BAQEFAASCCSowggkmAgEAAoICAQDIeVP//47YDBf6\n5Qb+ehnGqqhBmZaY0sDaASLVDQ1cHQWF7dSye77dq+fWHk72SSHnp1rTwoaiDSU7\n/ff4UZVgT8B6pe+j/nZmAhGWLkVzhz1PrZdr58+kVxv9qwAZKbSUJKnKon0Qg78G\ntooSSmyivaOa/VndlakSZKuZ1A9trSp75upcCTOLgGxS4nShxP9I9QriFT+Nptnk\nQ96mUHHXLS9o5BTfU+SWn0qWPFWWIo3Fxl6v1oYF6j4AH0KmJek0F5qxVsTRo3Nx\nqHxUjz9+YnBS51T3Nzk6l4/qZUuR9nrh2Bo4pmR4leuhwT9OcSFso6STOMtOzmh7\nh7mo4w4t4GE4xanBfN7Ia5cAlG85UBFFsHpET35ZQ9LjtR/MfC5Ow/w/vP+U3bNM\njiW2rtWJFqumxQZ5Tpg9WKjLF5sqrTlET8ltOmPZAt0HX2r0+LdZ/TI57a9b2lzl\nCOToeGmHbEW8QCsdnnxfigqvnpz16sfFXgVIeYxjvp6mLV18kmhvvNISrqcCpCZv\nBrFdDYlXBEwDrsm3+EdrdJonbWZdMg0WELBIeWcHGJ+2/i39ibpfaqg3Zjy4Iskm\neZ+tm+P9KkUHec8cc9AQINsC+WZBQ19clIhMIgxklLqI446FUWTG4ycT8i2cUtR0\neFiC5lz382YG0/LEV3GslNo1Q46XlQIDAQABAoICAAXJmuc1FYafMsIHgqAuHjhi\nDOF38aUP0Il6purHqa8TF2m6Z/2PHP+BSvwfe+AYVGY/qpuabhCXmI+W0WXV1R4m\nr0PbLoPpgLmJLcDMLS0cpmR6enifBJuV+DTmjuYrEg+Ez3IOJtYnN4iWFH5ar7Az\nEVoUHlgLTgo95cZXHOrpqORS0kk96sMIPhhWeU+CRGxyxpGoU2Ffg8LXQsJCaEby\nAwBgNUoNPfgrORgFPeNLtBQVmf4xj0T0cj3GqUHqrkTWuZyNCLmUomyRlKVMTWT0\nqpF6JDXO3lQWtAzsR7Y7C2khuAASravdiCPvVEiLc4+TWdj2NshbpSCL1oxNoccc\nMHFRydQ9TZR2eYI7bbbyVO61e3NWbAnAS0asL9bVQ7A+xJEXepPLrJlnvJYuA38s\nZ9i0f1vkdYAU6F6qDz4qwh0ArejmNp088N4uWokLv1FWyRmvS0/at2nwCPk4G664\nruSGL3FsVGZcE7EPtkfpzuKqPW9EfqLJcJay16/ukDznv38T7ax7My0ay2XSCa9x\nbmIifPGKaC1CC1FbW5N1RVS7seO9Prh2nKoyPSfbCf5I8oWWhXqwsZfcJ7C2igOf\nXArk6GiLkkz4IE9cIfuc6xFjbFY1XTSWRXHkGiKuVbWI8v+fgHx7Y1ly8T4G26fu\n6zHngIZdBrmy55GugH8BAoIBAQDahEGylJ0dET4y2LRY8c8dFsmN9sSiVshFkEzV\nr23EIesCbQfYnVDe7wX5C26DbteZCk5gzI2Fm52rkSqcnVP+WK0yEkERO9/Ycg4H\n9OupNL6NcxGYY7c4Gn+OUpgJj8UIrcEczrPrJgN4mc6PZcbguzFHlNnWY9mzbd5P\nF1YWxTUw9+Wn4harluWQfkC79hp4FgWjqTU7Wi7NKqbsCETQTAOrswOOie5Uo7yt\nsNQEkeP3xhTA7Lobm4yVxHIlzFhTedJRhU8c5xfq1dpjDqyvNGuT49oiDNTg7EHZ\nyqNMRV3EDmhbEIyaXJier219SOjc7TuUtkvdWp02Ub5fCiTlAoIBAQDq3MLQoIEK\nlY4AuvRtSjfb236DpGcRXapiygkk6tHZzfHEJ9z1v3RmoPMwKkJnyqjYJcugSzAB\nFfz7gk5tM+457zxaeuH/AZ7XU0diMEynrkysk0EtHCFh89SBNq1gqB/4wPNqRBxV\n//DXQI5VH2ulAJuDNlEmazUPmtekCj1zfwnWfLPeneXmNJHazLxTzpIuVOanH/cw\nhEjNPlTYYPYrhlkoBGG4MmEcDTALTLWr4FHq7Sh1RQD7O5kcvviWvPd19ajZ56TA\nEGfqndqXPi1ab11zsKw46AZNPTT35q+fUcMlhNaM0MAtZVgFrUhFq8QM2QVVo5eo\nfPuqIhfl2KzxAoIBAQCTvm6JJvBf0ePDD0BJDx2hJmIaqWlj9dctKZa5uAY4YVJ7\nbmqqrBsc0HGyZGdRWGVPZWd/DW72kjP1543vHHTI+P4JZ8w0sc30k5EnEhMwcagR\nDWctKOadeVUbTn7boChxaMG0D5IYgLhCF4RQ8liYZBi6tErhKNvt9HAl+7pKZQZE\n2Kefbj8zvy/yFVsBezGEVidz85k5Sw1vzNHVrvWP/IVS1xOlkV7iPV759SA1Assn\nIPexRZ3DwtU4Af3HzrU9o5VvZvoJqbpDHlqtNSPOxluiP6Gh+hkJBtSzQ85LaG8w\neylVwQe/6rGKQUR/PAeuMHxjXSpIPNck/foAWmR9AoIBAGr/Uh270a4hvkTk53BW\n7KXUFIoivvXxZyuEga/47su8gFVuF8M5iu0qjEA4MHKaqFt4tJD9UAxemRd4IQSt\nMO3h6OwLqaQEd/n/Lbk06edGiBXjLEFB3I+Ehx6q60fqsE4ikYKrLwGbDXzzIyTy\noJbWdQLNHyFSnCTU1UMdiytwB+pYe5WC9/btojk9JttDc+N5uG8RKAtJaOVgbUT6\nv4vKtBmADYjeItGlzGqJcwavtoJBsznhyvWqDDJFank5878gwOEtICiEEOOZMLnQ\nkNbvf3KyXXO7eQt9RAFgbkg19qLEJv6WJ8dGsVg8vn1HKJT11fFTC0euUPUMfTiw\ngvECgf8iRPZRkCWloUYKb5o4Z1AlfFREdCiABnzLp2TphfJg6R7q+nF2fbkf2cVE\naBhs16qRupN2ngFpIzXKPHF4ixuEmvLyVYJMshdtc1Ualm8bnjNplm27G2W+K8CH\nBLSA8UlyaOPoFYT8o6iwejv/IE80OvqjWBOW/OLHn3qkCSdaBL/Zh+bMKQPJoxvv\n8Vazzy66uKPbeoHTvPWxGtQObyhxqVHg15OGKdZaL0oBDJWge1x4WQojRuBoa8Ug\n1wf4q/BEiip+qpN1UegETcyIA9qbJ8l+oIDbS3T/fGpjHdG5z1zXNqooXP6Zryt6\nQ/lf9VOcMpAOlP6uQWas1Q/b6oA=\n-----END PRIVATE KEY-----\n",
            "public_key_fingerprint_md5": "40:e6:85:4e:ef:d0:d8:e0:ba:48:16:ad:e2:f3:b5:7b",
            "public_key_fingerprint_sha256": "SHA256:jJn0jpDvq9coVtwunexWuQusquhWHOX2tVHBfhETxVc",
            "public_key_openssh": "ssh-rsa AAAAB3NzaC1yc2EAAAADAQABAAACAQDIeVP//47YDBf65Qb+ehnGqqhBmZaY0sDaASLVDQ1cHQWF7dSye77dq+fWHk72SSHnp1rTwoaiDSU7/ff4UZVgT8B6pe+j/nZmAhGWLkVzhz1PrZdr58+kVxv9qwAZKbSUJKnKon0Qg78GtooSSmyivaOa/VndlakSZKuZ1A9trSp75upcCTOLgGxS4nShxP9I9QriFT+NptnkQ96mUHHXLS9o5BTfU+SWn0qWPFWWIo3Fxl6v1oYF6j4AH0KmJek0F5qxVsTRo3NxqHxUjz9+YnBS51T3Nzk6l4/qZUuR9nrh2Bo4pmR4leuhwT9OcSFso6STOMtOzmh7h7mo4w4t4GE4xanBfN7Ia5cAlG85UBFFsHpET35ZQ9LjtR/MfC5Ow/w/vP+U3bNMjiW2rtWJFqumxQZ5Tpg9WKjLF5sqrTlET8ltOmPZAt0HX2r0+LdZ/TI57a9b2lzlCOToeGmHbEW8QCsdnnxfigqvnpz16sfFXgVIeYxjvp6mLV18kmhvvNISrqcCpCZvBrFdDYlXBEwDrsm3+EdrdJonbWZdMg0WELBIeWcHGJ+2/i39ibpfaqg3Zjy4IskmeZ+tm+P9KkUHec8cc9AQINsC+WZBQ19clIhMIgxklLqI446FUWTG4ycT8i2cUtR0eFiC5lz382YG0/LEV3GslNo1Q46XlQ==\n",
            "public_key_pem": "-----BEGIN PUBLIC KEY-----\nMIICIjANBgkqhkiG9w0BAQEFAAOCAg8AMIICCgKCAgEAyHlT//+O2AwX+uUG/noZ\nxqqoQZmWmNLA2gEi1Q0NXB0Fhe3Usnu+3avn1h5O9kkh56da08KGog0lO/33+FGV\nYE/AeqXvo/52ZgIRli5Fc4c9T62Xa+fPpFcb/asAGSm0lCSpyqJ9EIO/BraKEkps\nor2jmv1Z3ZWpEmSrmdQPba0qe+bqXAkzi4BsUuJ0ocT/SPUK4hU/jabZ5EPeplBx\n1y0vaOQU31Pklp9KljxVliKNxcZer9aGBeo+AB9CpiXpNBeasVbE0aNzcah8VI8/\nfmJwUudU9zc5OpeP6mVLkfZ64dgaOKZkeJXrocE/TnEhbKOkkzjLTs5oe4e5qOMO\nLeBhOMWpwXzeyGuXAJRvOVARRbB6RE9+WUPS47UfzHwuTsP8P7z/lN2zTI4ltq7V\niRarpsUGeU6YPVioyxebKq05RE/JbTpj2QLdB19q9Pi3Wf0yOe2vW9pc5Qjk6Hhp\nh2xFvEArHZ58X4oKr56c9erHxV4FSHmMY76epi1dfJJob7zSEq6nAqQmbwaxXQ2J\nVwRMA67Jt/hHa3SaJ21mXTINFhCwSHlnBxiftv4t/Ym6X2qoN2Y8uCLJJnmfrZvj\n/SpFB3nPHHPQECDbAvlmQUNfXJSITCIMZJS6iOOOhVFkxuMnE/ItnFLUdHhYguZc\n9/NmBtPyxFdxrJTaNUOOl5UCAwEAAQ==\n-----END PUBLIC KEY-----\n",
            "rsa_bits": 4096
          },
          "sensitive_attributes": [
            [
              {
                "type": "get_attr",
                "value": "private_key_openssh"
              }
            ],
            [
              {
                "type": "get_attr",
                "value": "private_key_pem"
              }
            ],
            [
              {
                "type": "get_attr",
                "value": "private_key_pem_pkcs8"
              }
            ]
          ],
          "identity_schema_version": 0
        }
      ]
    },
    {
      "module": "module.vpc",
      "mode": "data",
      "type": "aws_iam_policy_document",
      "name": "flow_log_cloudwatch_assume_role",
      "provider": "provider[\"registry.terraform.io/hashicorp/aws\"]",
      "instances": []
    },
    {
      "module": "module.vpc",
      "mode": "data",
      "type": "aws_iam_policy_document",
      "name": "vpc_flow_log_cloudwatch",
      "provider": "provider[\"registry.terraform.io/hashicorp/aws\"]",
      "instances": []
    },
    {
      "module": "module.vpc",
      "mode": "managed",
      "type": "aws_cloudwatch_log_group",
      "name": "flow_log",
      "provider": "provider[\"registry.terraform.io/hashicorp/aws\"]",
      "instances": []
    },
    {
      "module": "module.vpc",
      "mode": "managed",
      "type": "aws_customer_gateway",
      "name": "this",
      "provider": "provider[\"registry.terraform.io/hashicorp/aws\"]",
      "instances": []
    },
    {
      "module": "module.vpc",
      "mode": "managed",
      "type": "aws_db_subnet_group",
      "name": "database",
      "provider": "provider[\"registry.terraform.io/hashicorp/aws\"]",
      "instances": []
    },
    {
      "module": "module.vpc",
      "mode": "managed",
      "type": "aws_default_network_acl",
      "name": "this",
      "provider": "provider[\"registry.terraform.io/hashicorp/aws\"]",
      "instances": [
        {
          "index_key": 0,
          "schema_version": 0,
          "attributes": {
            "arn": "arn:aws:ec2:us-east-1:471112640567:network-acl/acl-086786717bdee1a9a",
            "default_network_acl_id": "acl-086786717bdee1a9a",
            "egress": [
              {
                "action": "allow",
                "cidr_block": "",
                "from_port": 0,
                "icmp_code": 0,
                "icmp_type": 0,
                "ipv6_cidr_block": "::/0",
                "protocol": "-1",
                "rule_no": 101,
                "to_port": 0
              },
              {
                "action": "allow",
                "cidr_block": "0.0.0.0/0",
                "from_port": 0,
                "icmp_code": 0,
                "icmp_type": 0,
                "ipv6_cidr_block": "",
                "protocol": "-1",
                "rule_no": 100,
                "to_port": 0
              }
            ],
            "id": "acl-086786717bdee1a9a",
            "ingress": [
              {
                "action": "allow",
                "cidr_block": "",
                "from_port": 0,
                "icmp_code": 0,
                "icmp_type": 0,
                "ipv6_cidr_block": "::/0",
                "protocol": "-1",
                "rule_no": 101,
                "to_port": 0
              },
              {
                "action": "allow",
                "cidr_block": "0.0.0.0/0",
                "from_port": 0,
                "icmp_code": 0,
                "icmp_type": 0,
                "ipv6_cidr_block": "",
                "protocol": "-1",
                "rule_no": 100,
                "to_port": 0
              }
            ],
            "owner_id": "471112640567",
            "subnet_ids": [
              "subnet-0548f9e581be90db4",
              "subnet-0a27b953aaa1b1e23"
            ],
            "tags": {
              "ManagedBy": "Terraform",
              "Name": "discord-bot-vpc-default",
              "Project": "discord-bot"
            },
            "tags_all": {
              "ManagedBy": "Terraform",
              "Name": "discord-bot-vpc-default",
              "Project": "discord-bot"
            },
            "vpc_id": "vpc-01bfde46416110f36"
          },
          "sensitive_attributes": [],
          "identity_schema_version": 0,
          "private": "bnVsbA==",
          "dependencies": [
            "module.vpc.aws_vpc.this"
          ]
        }
      ]
    },
    {
      "module": "module.vpc",
      "mode": "managed",
      "type": "aws_default_route_table",
      "name": "default",
      "provider": "provider[\"registry.terraform.io/hashicorp/aws\"]",
      "instances": [
        {
          "index_key": 0,
          "schema_version": 0,
          "attributes": {
            "arn": "arn:aws:ec2:us-east-1:471112640567:route-table/rtb-0887572ba9a6e9b7d",
            "default_route_table_id": "rtb-0887572ba9a6e9b7d",
            "id": "rtb-0887572ba9a6e9b7d",
            "owner_id": "471112640567",
            "propagating_vgws": [],
            "route": [],
            "tags": {
              "ManagedBy": "Terraform",
              "Name": "discord-bot-vpc-default",
              "Project": "discord-bot"
            },
            "tags_all": {
              "ManagedBy": "Terraform",
              "Name": "discord-bot-vpc-default",
              "Project": "discord-bot"
            },
            "timeouts": {
              "create": "5m",
              "update": "5m"
            },
            "vpc_id": "vpc-01bfde46416110f36"
          },
          "sensitive_attributes": [],
          "identity_schema_version": 0,
          "private": "eyJlMmJmYjczMC1lY2FhLTExZTYtOGY4OC0zNDM2M2JjN2M0YzAiOnsiY3JlYXRlIjozMDAwMDAwMDAwMDAsInVwZGF0ZSI6MzAwMDAwMDAwMDAwfX0=",
          "dependencies": [
            "module.vpc.aws_vpc.this"
          ]
        }
      ]
    },
    {
      "module": "module.vpc",
      "mode": "managed",
      "type": "aws_default_security_group",
      "name": "this",
      "provider": "provider[\"registry.terraform.io/hashicorp/aws\"]",
      "instances": [
        {
          "index_key": 0,
          "schema_version": 1,
          "attributes": {
            "arn": "arn:aws:ec2:us-east-1:471112640567:security-group/sg-0ab19d8c4633a163a",
            "description": "default VPC security group",
            "egress": [],
            "id": "sg-0ab19d8c4633a163a",
            "ingress": [],
            "name": "default",
            "name_prefix": "",
            "owner_id": "471112640567",
            "revoke_rules_on_delete": false,
            "tags": {
              "ManagedBy": "Terraform",
              "Name": "discord-bot-vpc-default",
              "Project": "discord-bot"
            },
            "tags_all": {
              "ManagedBy": "Terraform",
              "Name": "discord-bot-vpc-default",
              "Project": "discord-bot"
            },
            "vpc_id": "vpc-01bfde46416110f36"
          },
          "sensitive_attributes": [],
          "identity_schema_version": 0,
          "private": "eyJzY2hlbWFfdmVyc2lvbiI6IjEifQ==",
          "dependencies": [
            "module.vpc.aws_vpc.this"
          ]
        }
      ]
    },
    {
      "module": "module.vpc",
      "mode": "managed",
      "type": "aws_default_vpc",
      "name": "this",
      "provider": "provider[\"registry.terraform.io/hashicorp/aws\"]",
      "instances": []
    },
    {
      "module": "module.vpc",
      "mode": "managed",
      "type": "aws_egress_only_internet_gateway",
      "name": "this",
      "provider": "provider[\"registry.terraform.io/hashicorp/aws\"]",
      "instances": []
    },
    {
      "module": "module.vpc",
      "mode": "managed",
      "type": "aws_eip",
      "name": "nat",
      "provider": "provider[\"registry.terraform.io/hashicorp/aws\"]",
      "instances": []
    },
    {
      "module": "module.vpc",
      "mode": "managed",
      "type": "aws_elasticache_subnet_group",
      "name": "elasticache",
      "provider": "provider[\"registry.terraform.io/hashicorp/aws\"]",
      "instances": []
    },
    {
      "module": "module.vpc",
      "mode": "managed",
      "type": "aws_flow_log",
      "name": "this",
      "provider": "provider[\"registry.terraform.io/hashicorp/aws\"]",
      "instances": []
    },
    {
      "module": "module.vpc",
      "mode": "managed",
      "type": "aws_iam_policy",
      "name": "vpc_flow_log_cloudwatch",
      "provider": "provider[\"registry.terraform.io/hashicorp/aws\"]",
      "instances": []
    },
    {
      "module": "module.vpc",
      "mode": "managed",
      "type": "aws_iam_role",
      "name": "vpc_flow_log_cloudwatch",
      "provider": "provider[\"registry.terraform.io/hashicorp/aws\"]",
      "instances": []
    },
    {
      "module": "module.vpc",
      "mode": "managed",
      "type": "aws_iam_role_policy_attachment",
      "name": "vpc_flow_log_cloudwatch",
      "provider": "provider[\"registry.terraform.io/hashicorp/aws\"]",
      "instances": []
    },
    {
      "module": "module.vpc",
      "mode": "managed",
      "type": "aws_internet_gateway",
      "name": "this",
      "provider": "provider[\"registry.terraform.io/hashicorp/aws\"]",
      "instances": [
        {
          "index_key": 0,
          "schema_version": 0,
          "attributes": {
            "arn": "arn:aws:ec2:us-east-1:471112640567:internet-gateway/igw-0a8a6884ee012afd1",
            "id": "igw-0a8a6884ee012afd1",
            "owner_id": "471112640567",
            "tags": {
              "ManagedBy": "Terraform",
              "Name": "discord-bot-vpc",
              "Project": "discord-bot"
            },
            "tags_all": {
              "ManagedBy": "Terraform",
              "Name": "discord-bot-vpc",
              "Project": "discord-bot"
            },
            "timeouts": null,
            "vpc_id": "vpc-01bfde46416110f36"
          },
          "sensitive_attributes": [],
          "identity_schema_version": 0,
          "private": "eyJlMmJmYjczMC1lY2FhLTExZTYtOGY4OC0zNDM2M2JjN2M0YzAiOnsiY3JlYXRlIjoxMjAwMDAwMDAwMDAwLCJkZWxldGUiOjEyMDAwMDAwMDAwMDAsInVwZGF0ZSI6MTIwMDAwMDAwMDAwMH19",
          "dependencies": [
            "module.vpc.aws_vpc.this",
            "module.vpc.aws_vpc_ipv4_cidr_block_association.this"
          ]
        }
      ]
    },
    {
      "module": "module.vpc",
      "mode": "managed",
      "type": "aws_nat_gateway",
      "name": "this",
      "provider": "provider[\"registry.terraform.io/hashicorp/aws\"]",
      "instances": []
    },
    {
      "module": "module.vpc",
      "mode": "managed",
      "type": "aws_network_acl",
      "name": "database",
      "provider": "provider[\"registry.terraform.io/hashicorp/aws\"]",
      "instances": []
    },
    {
      "module": "module.vpc",
      "mode": "managed",
      "type": "aws_network_acl",
      "name": "elasticache",
      "provider": "provider[\"registry.terraform.io/hashicorp/aws\"]",
      "instances": []
    },
    {
      "module": "module.vpc",
      "mode": "managed",
      "type": "aws_network_acl",
      "name": "intra",
      "provider": "provider[\"registry.terraform.io/hashicorp/aws\"]",
      "instances": []
    },
    {
      "module": "module.vpc",
      "mode": "managed",
      "type": "aws_network_acl",
      "name": "outpost",
      "provider": "provider[\"registry.terraform.io/hashicorp/aws\"]",
      "instances": []
    },
    {
      "module": "module.vpc",
      "mode": "managed",
      "type": "aws_network_acl",
      "name": "private",
      "provider": "provider[\"registry.terraform.io/hashicorp/aws\"]",
      "instances": []
    },
    {
      "module": "module.vpc",
      "mode": "managed",
      "type": "aws_network_acl",
      "name": "public",
      "provider": "provider[\"registry.terraform.io/hashicorp/aws\"]",
      "instances": []
    },
    {
      "module": "module.vpc",
      "mode": "managed",
      "type": "aws_network_acl",
      "name": "redshift",
      "provider": "provider[\"registry.terraform.io/hashicorp/aws\"]",
      "instances": []
    },
    {
      "module": "module.vpc",
      "mode": "managed",
      "type": "aws_network_acl_rule",
      "name": "database_inbound",
      "provider": "provider[\"registry.terraform.io/hashicorp/aws\"]",
      "instances": []
    },
    {
      "module": "module.vpc",
      "mode": "managed",
      "type": "aws_network_acl_rule",
      "name": "database_outbound",
      "provider": "provider[\"registry.terraform.io/hashicorp/aws\"]",
      "instances": []
    },
    {
      "module": "module.vpc",
      "mode": "managed",
      "type": "aws_network_acl_rule",
      "name": "elasticache_inbound",
      "provider": "provider[\"registry.terraform.io/hashicorp/aws\"]",
      "instances": []
    },
    {
      "module": "module.vpc",
      "mode": "managed",
      "type": "aws_network_acl_rule",
      "name": "elasticache_outbound",
      "provider": "provider[\"registry.terraform.io/hashicorp/aws\"]",
      "instances": []
    },
    {
      "module": "module.vpc",
      "mode": "managed",
      "type": "aws_network_acl_rule",
      "name": "intra_inbound",
      "provider": "provider[\"registry.terraform.io/hashicorp/aws\"]",
      "instances": []
    },
    {
      "module": "module.vpc",
      "mode": "managed",
      "type": "aws_network_acl_rule",
      "name": "intra_outbound",
      "provider": "provider[\"registry.terraform.io/hashicorp/aws\"]",
      "instances": []
    },
    {
      "module": "module.vpc",
      "mode": "managed",
      "type": "aws_network_acl_rule",
      "name": "outpost_inbound",
      "provider": "provider[\"registry.terraform.io/hashicorp/aws\"]",
      "instances": []
    },
    {
      "module": "module.vpc",
      "mode": "managed",
      "type": "aws_network_acl_rule",
      "name": "outpost_outbound",
      "provider": "provider[\"registry.terraform.io/hashicorp/aws\"]",
      "instances": []
    },
    {
      "module": "module.vpc",
      "mode": "managed",
      "type": "aws_network_acl_rule",
      "name": "private_inbound",
      "provider": "provider[\"registry.terraform.io/hashicorp/aws\"]",
      "instances": []
    },
    {
      "module": "module.vpc",
      "mode": "managed",
      "type": "aws_network_acl_rule",
      "name": "private_outbound",
      "provider": "provider[\"registry.terraform.io/hashicorp/aws\"]",
      "instances": []
    },
    {
      "module": "module.vpc",
      "mode": "managed",
      "type": "aws_network_acl_rule",
      "name": "public_inbound",
      "provider": "provider[\"registry.terraform.io/hashicorp/aws\"]",
      "instances": []
    },
    {
      "module": "module.vpc",
      "mode": "managed",
      "type": "aws_network_acl_rule",
      "name": "public_outbound",
      "provider": "provider[\"registry.terraform.io/hashicorp/aws\"]",
      "instances": []
    },
    {
      "module": "module.vpc",
      "mode": "managed",
      "type": "aws_network_acl_rule",
      "name": "redshift_inbound",
      "provider": "provider[\"registry.terraform.io/hashicorp/aws\"]",
      "instances": []
    },
    {
      "module": "module.vpc",
      "mode": "managed",
      "type": "aws_network_acl_rule",
      "name": "redshift_outbound",
      "provider": "provider[\"registry.terraform.io/hashicorp/aws\"]",
      "instances": []
    },
    {
      "module": "module.vpc",
      "mode": "managed",
      "type": "aws_redshift_subnet_group",
      "name": "redshift",
      "provider": "provider[\"registry.terraform.io/hashicorp/aws\"]",
      "instances": []
    },
    {
      "module": "module.vpc",
      "mode": "managed",
      "type": "aws_route",
      "name": "database_dns64_nat_gateway",
      "provider": "provider[\"registry.terraform.io/hashicorp/aws\"]",
      "instances": []
    },
    {
      "module": "module.vpc",
      "mode": "managed",
      "type": "aws_route",
      "name": "database_internet_gateway",
      "provider": "provider[\"registry.terraform.io/hashicorp/aws\"]",
      "instances": []
    },
    {
      "module": "module.vpc",
      "mode": "managed",
      "type": "aws_route",
      "name": "database_ipv6_egress",
      "provider": "provider[\"registry.terraform.io/hashicorp/aws\"]",
      "instances": []
    },
    {
      "module": "module.vpc",
      "mode": "managed",
      "type": "aws_route",
      "name": "database_nat_gateway",
      "provider": "provider[\"registry.terraform.io/hashicorp/aws\"]",
      "instances": []
    },
    {
      "module": "module.vpc",
      "mode": "managed",
      "type": "aws_route",
      "name": "private_dns64_nat_gateway",
      "provider": "provider[\"registry.terraform.io/hashicorp/aws\"]",
      "instances": []
    },
    {
      "module": "module.vpc",
      "mode": "managed",
      "type": "aws_route",
      "name": "private_ipv6_egress",
      "provider": "provider[\"registry.terraform.io/hashicorp/aws\"]",
      "instances": []
    },
    {
      "module": "module.vpc",
      "mode": "managed",
      "type": "aws_route",
      "name": "private_nat_gateway",
      "provider": "provider[\"registry.terraform.io/hashicorp/aws\"]",
      "instances": []
    },
    {
      "module": "module.vpc",
      "mode": "managed",
      "type": "aws_route",
      "name": "public_internet_gateway",
      "provider": "provider[\"registry.terraform.io/hashicorp/aws\"]",
      "instances": [
        {
          "index_key": 0,
          "schema_version": 0,
          "attributes": {
            "carrier_gateway_id": "",
            "core_network_arn": "",
            "destination_cidr_block": "0.0.0.0/0",
            "destination_ipv6_cidr_block": "",
            "destination_prefix_list_id": "",
            "egress_only_gateway_id": "",
            "gateway_id": "igw-0a8a6884ee012afd1",
            "id": "r-rtb-0c5cbe64f696459311080289494",
            "instance_id": "",
            "instance_owner_id": "",
            "local_gateway_id": "",
            "nat_gateway_id": "",
            "network_interface_id": "",
            "origin": "CreateRoute",
            "route_table_id": "rtb-0c5cbe64f69645931",
            "state": "active",
            "timeouts": {
              "create": "5m",
              "delete": null,
              "update": null
            },
            "transit_gateway_id": "",
            "vpc_endpoint_id": "",
            "vpc_peering_connection_id": ""
          },
          "sensitive_attributes": [],
          "identity_schema_version": 0,
          "private": "eyJlMmJmYjczMC1lY2FhLTExZTYtOGY4OC0zNDM2M2JjN2M0YzAiOnsiY3JlYXRlIjozMDAwMDAwMDAwMDAsImRlbGV0ZSI6MzAwMDAwMDAwMDAwLCJ1cGRhdGUiOjEyMDAwMDAwMDAwMH19",
          "dependencies": [
            "module.vpc.aws_internet_gateway.this",
            "module.vpc.aws_route_table.public",
            "module.vpc.aws_vpc.this",
            "module.vpc.aws_vpc_ipv4_cidr_block_association.this"
          ]
        }
      ]
    },
    {
      "module": "module.vpc",
      "mode": "managed",
      "type": "aws_route",
      "name": "public_internet_gateway_ipv6",
      "provider": "provider[\"registry.terraform.io/hashicorp/aws\"]",
      "instances": []
    },
    {
      "module": "module.vpc",
      "mode": "managed",
      "type": "aws_route_table",
      "name": "database",
      "provider": "provider[\"registry.terraform.io/hashicorp/aws\"]",
      "instances": []
    },
    {
      "module": "module.vpc",
      "mode": "managed",
      "type": "aws_route_table",
      "name": "elasticache",
      "provider": "provider[\"registry.terraform.io/hashicorp/aws\"]",
      "instances": []
    },
    {
      "module": "module.vpc",
      "mode": "managed",
      "type": "aws_route_table",
      "name": "intra",
      "provider": "provider[\"registry.terraform.io/hashicorp/aws\"]",
      "instances": []
    },
    {
      "module": "module.vpc",
      "mode": "managed",
      "type": "aws_route_table",
      "name": "private",
      "provider": "provider[\"registry.terraform.io/hashicorp/aws\"]",
      "instances": []
    },
    {
      "module": "module.vpc",
      "mode": "managed",
      "type": "aws_route_table",
      "name": "public",
      "provider": "provider[\"registry.terraform.io/hashicorp/aws\"]",
      "instances": [
        {
          "index_key": 0,
          "schema_version": 0,
          "attributes": {
            "arn": "arn:aws:ec2:us-east-1:471112640567:route-table/rtb-0c5cbe64f69645931",
            "id": "rtb-0c5cbe64f69645931",
            "owner_id": "471112640567",
            "propagating_vgws": [],
            "route": [
              {
                "carrier_gateway_id": "",
                "cidr_block": "0.0.0.0/0",
                "core_network_arn": "",
                "destination_prefix_list_id": "",
                "egress_only_gateway_id": "",
                "gateway_id": "igw-0a8a6884ee012afd1",
                "ipv6_cidr_block": "",
                "local_gateway_id": "",
                "nat_gateway_id": "",
                "network_interface_id": "",
                "transit_gateway_id": "",
                "vpc_endpoint_id": "",
                "vpc_peering_connection_id": ""
              }
            ],
            "tags": {
              "ManagedBy": "Terraform",
              "Name": "discord-bot-vpc-public",
              "Project": "discord-bot"
            },
            "tags_all": {
              "ManagedBy": "Terraform",
              "Name": "discord-bot-vpc-public",
              "Project": "discord-bot"
            },
            "timeouts": null,
            "vpc_id": "vpc-01bfde46416110f36"
          },
          "sensitive_attributes": [],
          "identity_schema_version": 0,
          "private": "eyJlMmJmYjczMC1lY2FhLTExZTYtOGY4OC0zNDM2M2JjN2M0YzAiOnsiY3JlYXRlIjozMDAwMDAwMDAwMDAsImRlbGV0ZSI6MzAwMDAwMDAwMDAwLCJ1cGRhdGUiOjEyMDAwMDAwMDAwMH19",
          "dependencies": [
            "module.vpc.aws_vpc.this",
            "module.vpc.aws_vpc_ipv4_cidr_block_association.this"
          ]
        }
      ]
    },
    {
      "module": "module.vpc",
      "mode": "managed",
      "type": "aws_route_table",
      "name": "redshift",
      "provider": "provider[\"registry.terraform.io/hashicorp/aws\"]",
      "instances": []
    },
    {
      "module": "module.vpc",
      "mode": "managed",
      "type": "aws_route_table_association",
      "name": "database",
      "provider": "provider[\"registry.terraform.io/hashicorp/aws\"]",
      "instances": []
    },
    {
      "module": "module.vpc",
      "mode": "managed",
      "type": "aws_route_table_association",
      "name": "elasticache",
      "provider": "provider[\"registry.terraform.io/hashicorp/aws\"]",
      "instances": []
    },
    {
      "module": "module.vpc",
      "mode": "managed",
      "type": "aws_route_table_association",
      "name": "intra",
      "provider": "provider[\"registry.terraform.io/hashicorp/aws\"]",
      "instances": []
    },
    {
      "module": "module.vpc",
      "mode": "managed",
      "type": "aws_route_table_association",
      "name": "outpost",
      "provider": "provider[\"registry.terraform.io/hashicorp/aws\"]",
      "instances": []
    },
    {
      "module": "module.vpc",
      "mode": "managed",
      "type": "aws_route_table_association",
      "name": "private",
      "provider": "provider[\"registry.terraform.io/hashicorp/aws\"]",
      "instances": []
    },
    {
      "module": "module.vpc",
      "mode": "managed",
      "type": "aws_route_table_association",
      "name": "public",
      "provider": "provider[\"registry.terraform.io/hashicorp/aws\"]",
      "instances": [
        {
          "index_key": 0,
          "schema_version": 0,
          "attributes": {
            "gateway_id": "",
            "id": "rtbassoc-0bdbb892288275ddb",
            "route_table_id": "rtb-0c5cbe64f69645931",
            "subnet_id": "subnet-0548f9e581be90db4",
            "timeouts": null
          },
          "sensitive_attributes": [],
          "identity_schema_version": 0,
          "private": "eyJlMmJmYjczMC1lY2FhLTExZTYtOGY4OC0zNDM2M2JjN2M0YzAiOnsiY3JlYXRlIjozMDAwMDAwMDAwMDAsImRlbGV0ZSI6MzAwMDAwMDAwMDAwLCJ1cGRhdGUiOjEyMDAwMDAwMDAwMH19",
          "dependencies": [
            "data.aws_availability_zones.available",
            "module.vpc.aws_route_table.public",
            "module.vpc.aws_subnet.public",
            "module.vpc.aws_vpc.this",
            "module.vpc.aws_vpc_ipv4_cidr_block_association.this"
          ]
        },
        {
          "index_key": 1,
          "schema_version": 0,
          "attributes": {
            "gateway_id": "",
            "id": "rtbassoc-0e8196eae2a0a988b",
            "route_table_id": "rtb-0c5cbe64f69645931",
            "subnet_id": "subnet-0a27b953aaa1b1e23",
            "timeouts": null
          },
          "sensitive_attributes": [],
          "identity_schema_version": 0,
          "private": "eyJlMmJmYjczMC1lY2FhLTExZTYtOGY4OC0zNDM2M2JjN2M0YzAiOnsiY3JlYXRlIjozMDAwMDAwMDAwMDAsImRlbGV0ZSI6MzAwMDAwMDAwMDAwLCJ1cGRhdGUiOjEyMDAwMDAwMDAwMH19",
          "dependencies": [
            "data.aws_availability_zones.available",
            "module.vpc.aws_route_table.public",
            "module.vpc.aws_subnet.public",
            "module.vpc.aws_vpc.this",
            "module.vpc.aws_vpc_ipv4_cidr_block_association.this"
          ]
        }
      ]
    },
    {
      "module": "module.vpc",
      "mode": "managed",
      "type": "aws_route_table_association",
      "name": "redshift",
      "provider": "provider[\"registry.terraform.io/hashicorp/aws\"]",
      "instances": []
    },
    {
      "module": "module.vpc",
      "mode": "managed",
      "type": "aws_route_table_association",
      "name": "redshift_public",
      "provider": "provider[\"registry.terraform.io/hashicorp/aws\"]",
      "instances": []
    },
    {
      "module": "module.vpc",
      "mode": "managed",
      "type": "aws_subnet",
      "name": "database",
      "provider": "provider[\"registry.terraform.io/hashicorp/aws\"]",
      "instances": []
    },
    {
      "module": "module.vpc",
      "mode": "managed",
      "type": "aws_subnet",
      "name": "elasticache",
      "provider": "provider[\"registry.terraform.io/hashicorp/aws\"]",
      "instances": []
    },
    {
      "module": "module.vpc",
      "mode": "managed",
      "type": "aws_subnet",
      "name": "intra",
      "provider": "provider[\"registry.terraform.io/hashicorp/aws\"]",
      "instances": []
    },
    {
      "module": "module.vpc",
      "mode": "managed",
      "type": "aws_subnet",
      "name": "outpost",
      "provider": "provider[\"registry.terraform.io/hashicorp/aws\"]",
      "instances": []
    },
    {
      "module": "module.vpc",
      "mode": "managed",
      "type": "aws_subnet",
      "name": "private",
      "provider": "provider[\"registry.terraform.io/hashicorp/aws\"]",
      "instances": []
    },
    {
      "module": "module.vpc",
      "mode": "managed",
      "type": "aws_subnet",
      "name": "public",
      "provider": "provider[\"registry.terraform.io/hashicorp/aws\"]",
      "instances": [
        {
          "index_key": 0,
          "schema_version": 1,
          "attributes": {
            "arn": "arn:aws:ec2:us-east-1:471112640567:subnet/subnet-0548f9e581be90db4",
            "assign_ipv6_address_on_creation": false,
            "availability_zone": "us-east-1a",
            "availability_zone_id": "use1-az2",
            "cidr_block": "10.2.1.0/24",
            "customer_owned_ipv4_pool": "",
            "enable_dns64": false,
            "enable_lni_at_device_index": 0,
            "enable_resource_name_dns_a_record_on_launch": false,
            "enable_resource_name_dns_aaaa_record_on_launch": false,
            "id": "subnet-0548f9e581be90db4",
            "ipv6_cidr_block": "",
            "ipv6_cidr_block_association_id": "",
            "ipv6_native": false,
            "map_customer_owned_ip_on_launch": false,
            "map_public_ip_on_launch": false,
            "outpost_arn": "",
            "owner_id": "471112640567",
            "private_dns_hostname_type_on_launch": "ip-name",
            "tags": {
              "ManagedBy": "Terraform",
              "Name": "discord-bot-vpc-public-us-east-1a",
              "Project": "discord-bot"
            },
            "tags_all": {
              "ManagedBy": "Terraform",
              "Name": "discord-bot-vpc-public-us-east-1a",
              "Project": "discord-bot"
            },
            "timeouts": null,
            "vpc_id": "vpc-01bfde46416110f36"
          },
          "sensitive_attributes": [],
          "identity_schema_version": 0,
          "private": "eyJlMmJmYjczMC1lY2FhLTExZTYtOGY4OC0zNDM2M2JjN2M0YzAiOnsiY3JlYXRlIjo2MDAwMDAwMDAwMDAsImRlbGV0ZSI6MTIwMDAwMDAwMDAwMH0sInNjaGVtYV92ZXJzaW9uIjoiMSJ9",
          "dependencies": [
            "data.aws_availability_zones.available",
            "module.vpc.aws_vpc.this",
            "module.vpc.aws_vpc_ipv4_cidr_block_association.this"
          ]
        },
        {
          "index_key": 1,
          "schema_version": 1,
          "attributes": {
            "arn": "arn:aws:ec2:us-east-1:471112640567:subnet/subnet-0a27b953aaa1b1e23",
            "assign_ipv6_address_on_creation": false,
            "availability_zone": "us-east-1b",
            "availability_zone_id": "use1-az4",
            "cidr_block": "10.2.2.0/24",
            "customer_owned_ipv4_pool": "",
            "enable_dns64": false,
            "enable_lni_at_device_index": 0,
            "enable_resource_name_dns_a_record_on_launch": false,
            "enable_resource_name_dns_aaaa_record_on_launch": false,
            "id": "subnet-0a27b953aaa1b1e23",
            "ipv6_cidr_block": "",
            "ipv6_cidr_block_association_id": "",
            "ipv6_native": false,
            "map_customer_owned_ip_on_launch": false,
            "map_public_ip_on_launch": false,
            "outpost_arn": "",
            "owner_id": "471112640567",
            "private_dns_hostname_type_on_launch": "ip-name",
            "tags": {
              "ManagedBy": "Terraform",
              "Name": "discord-bot-vpc-public-us-east-1b",
              "Project": "discord-bot"
            },
            "tags_all": {
              "ManagedBy": "Terraform",
              "Name": "discord-bot-vpc-public-us-east-1b",
              "Project": "discord-bot"
            },
            "timeouts": null,
            "vpc_id": "vpc-01bfde46416110f36"
          },
          "sensitive_attributes": [],
          "identity_schema_version": 0,
          "private": "eyJlMmJmYjczMC1lY2FhLTExZTYtOGY4OC0zNDM2M2JjN2M0YzAiOnsiY3JlYXRlIjo2MDAwMDAwMDAwMDAsImRlbGV0ZSI6MTIwMDAwMDAwMDAwMH0sInNjaGVtYV92ZXJzaW9uIjoiMSJ9",
          "dependencies": [
            "data.aws_availability_zones.available",
            "module.vpc.aws_vpc.this",
            "module.vpc.aws_vpc_ipv4_cidr_block_association.this"
          ]
        }
      ]
    },
    {
      "module": "module.vpc",
      "mode": "managed",
      "type": "aws_subnet",
      "name": "redshift",
      "provider": "provider[\"registry.terraform.io/hashicorp/aws\"]",
      "instances": []
    },
    {
      "module": "module.vpc",
      "mode": "managed",
      "type": "aws_vpc",
      "name": "this",
      "provider": "provider[\"registry.terraform.io/hashicorp/aws\"]",
      "instances": [
        {
          "index_key": 0,
          "schema_version": 1,
          "attributes": {
            "arn": "arn:aws:ec2:us-east-1:471112640567:vpc/vpc-01bfde46416110f36",
            "assign_generated_ipv6_cidr_block": false,
            "cidr_block": "10.2.0.0/16",
            "default_network_acl_id": "acl-086786717bdee1a9a",
            "default_route_table_id": "rtb-0887572ba9a6e9b7d",
            "default_security_group_id": "sg-0ab19d8c4633a163a",
            "dhcp_options_id": "dopt-06d1ea04515bc3f8e",
            "enable_dns_hostnames": true,
            "enable_dns_support": true,
            "enable_network_address_usage_metrics": false,
            "id": "vpc-01bfde46416110f36",
            "instance_tenancy": "default",
            "ipv4_ipam_pool_id": null,
            "ipv4_netmask_length": null,
            "ipv6_association_id": "",
            "ipv6_cidr_block": "",
            "ipv6_cidr_block_network_border_group": "",
            "ipv6_ipam_pool_id": "",
            "ipv6_netmask_length": 0,
            "main_route_table_id": "rtb-0887572ba9a6e9b7d",
            "owner_id": "471112640567",
            "tags": {
              "ManagedBy": "Terraform",
              "Name": "discord-bot-vpc",
              "Project": "discord-bot"
            },
            "tags_all": {
              "ManagedBy": "Terraform",
              "Name": "discord-bot-vpc",
              "Project": "discord-bot"
            }
          },
          "sensitive_attributes": [],
          "identity_schema_version": 0,
          "private": "eyJzY2hlbWFfdmVyc2lvbiI6IjEifQ=="
        }
      ]
    },
    {
      "module": "module.vpc",
      "mode": "managed",
      "type": "aws_vpc_dhcp_options",
      "name": "this",
      "provider": "provider[\"registry.terraform.io/hashicorp/aws\"]",
      "instances": []
    },
    {
      "module": "module.vpc",
      "mode": "managed",
      "type": "aws_vpc_dhcp_options_association",
      "name": "this",
      "provider": "provider[\"registry.terraform.io/hashicorp/aws\"]",
      "instances": []
    },
    {
      "module": "module.vpc",
      "mode": "managed",
      "type": "aws_vpc_ipv4_cidr_block_association",
      "name": "this",
      "provider": "provider[\"registry.terraform.io/hashicorp/aws\"]",
      "instances": []
    },
    {
      "module": "module.vpc",
      "mode": "managed",
      "type": "aws_vpn_gateway",
      "name": "this",
      "provider": "provider[\"registry.terraform.io/hashicorp/aws\"]",
      "instances": []
    },
    {
      "module": "module.vpc",
      "mode": "managed",
      "type": "aws_vpn_gateway_attachment",
      "name": "this",
      "provider": "provider[\"registry.terraform.io/hashicorp/aws\"]",
      "instances": []
    },
    {
      "module": "module.vpc",
      "mode": "managed",
      "type": "aws_vpn_gateway_route_propagation",
      "name": "intra",
      "provider": "provider[\"registry.terraform.io/hashicorp/aws\"]",
      "instances": []
    },
    {
      "module": "module.vpc",
      "mode": "managed",
      "type": "aws_vpn_gateway_route_propagation",
      "name": "private",
      "provider": "provider[\"registry.terraform.io/hashicorp/aws\"]",
      "instances": []
    },
    {
      "module": "module.vpc",
      "mode": "managed",
      "type": "aws_vpn_gateway_route_propagation",
      "name": "public",
      "provider": "provider[\"registry.terraform.io/hashicorp/aws\"]",
      "instances": []
    }
  ],
  "check_results": null
}
